// !$*UTF8*$!
{
	archiveVersion = 1;
	classes = {
	};
	objectVersion = 45;
	objects = {

/* Begin PBXBuildFile section */
		37E7D947A9295AA1269AEED8 /* Pods_VehicleAcquisition.framework in Frameworks */ = {isa = PBXBuildFile; fileRef = 0B2D4E3E7FFD4C0270BD5D14 /* Pods_VehicleAcquisition.framework */; };
		501DE8D8212FFFCE006019C7 /* VehicleAcquisitionTests.m in Sources */ = {isa = PBXBuildFile; fileRef = 501DE8D7212FFFCE006019C7 /* VehicleAcquisitionTests.m */; };
		501DE8E3212FFFCF006019C7 /* VehicleAcquisitionUITests.m in Sources */ = {isa = PBXBuildFile; fileRef = 501DE8E2212FFFCF006019C7 /* VehicleAcquisitionUITests.m */; };
		501DE91021300886006019C7 /* Assets.xcassets in Resources */ = {isa = PBXBuildFile; fileRef = 501DE90921300886006019C7 /* Assets.xcassets */; };
		501DE91121300886006019C7 /* LaunchScreen.storyboard in Resources */ = {isa = PBXBuildFile; fileRef = 501DE90A21300886006019C7 /* LaunchScreen.storyboard */; };
		501DE91221300886006019C7 /* Main.storyboard in Resources */ = {isa = PBXBuildFile; fileRef = 501DE90C21300886006019C7 /* Main.storyboard */; };
		501DE91321300886006019C7 /* main.m in Sources */ = {isa = PBXBuildFile; fileRef = 501DE90E21300886006019C7 /* main.m */; };
		501DE91421300886006019C7 /* AppDelegate.m in Sources */ = {isa = PBXBuildFile; fileRef = 501DE90F21300886006019C7 /* AppDelegate.m */; };
		501DE94F21300F7E006019C7 /* NetworkingTool.m in Sources */ = {isa = PBXBuildFile; fileRef = 501DE91621300F7D006019C7 /* NetworkingTool.m */; };
		501DE95021300F7E006019C7 /* UIColorCategory.m in Sources */ = {isa = PBXBuildFile; fileRef = 501DE91B21300F7D006019C7 /* UIColorCategory.m */; };
		501DE95121300F7E006019C7 /* NSDate+Extension.m in Sources */ = {isa = PBXBuildFile; fileRef = 501DE91C21300F7D006019C7 /* NSDate+Extension.m */; };
		501DE95221300F7E006019C7 /* UIView+Extension.m in Sources */ = {isa = PBXBuildFile; fileRef = 501DE91E21300F7D006019C7 /* UIView+Extension.m */; };
		501DE95321300F7E006019C7 /* UIProgressView+AFNetworking.m in Sources */ = {isa = PBXBuildFile; fileRef = 501DE92121300F7E006019C7 /* UIProgressView+AFNetworking.m */; };
		501DE95421300F7E006019C7 /* UIRefreshControl+AFNetworking.m in Sources */ = {isa = PBXBuildFile; fileRef = 501DE92321300F7E006019C7 /* UIRefreshControl+AFNetworking.m */; };
		501DE95521300F7E006019C7 /* AFNetworkActivityIndicatorManager.m in Sources */ = {isa = PBXBuildFile; fileRef = 501DE92621300F7E006019C7 /* AFNetworkActivityIndicatorManager.m */; };
		501DE95621300F7E006019C7 /* UIImageView+AFNetworking.m in Sources */ = {isa = PBXBuildFile; fileRef = 501DE92C21300F7E006019C7 /* UIImageView+AFNetworking.m */; };
		501DE95721300F7E006019C7 /* UIButton+AFNetworking.m in Sources */ = {isa = PBXBuildFile; fileRef = 501DE92F21300F7E006019C7 /* UIButton+AFNetworking.m */; };
		501DE95821300F7E006019C7 /* UIActivityIndicatorView+AFNetworking.m in Sources */ = {isa = PBXBuildFile; fileRef = 501DE93021300F7E006019C7 /* UIActivityIndicatorView+AFNetworking.m */; };
		501DE95921300F7E006019C7 /* UIWebView+AFNetworking.m in Sources */ = {isa = PBXBuildFile; fileRef = 501DE93121300F7E006019C7 /* UIWebView+AFNetworking.m */; };
		501DE95A21300F7E006019C7 /* AFAutoPurgingImageCache.m in Sources */ = {isa = PBXBuildFile; fileRef = 501DE93221300F7E006019C7 /* AFAutoPurgingImageCache.m */; };
		501DE95B21300F7E006019C7 /* AFImageDownloader.m in Sources */ = {isa = PBXBuildFile; fileRef = 501DE93421300F7E006019C7 /* AFImageDownloader.m */; };
		501DE95C21300F7E006019C7 /* AFURLResponseSerialization.m in Sources */ = {isa = PBXBuildFile; fileRef = 501DE93A21300F7E006019C7 /* AFURLResponseSerialization.m */; };
		501DE95D21300F7E006019C7 /* AFHTTPSessionManager.m in Sources */ = {isa = PBXBuildFile; fileRef = 501DE93B21300F7E006019C7 /* AFHTTPSessionManager.m */; };
		501DE95E21300F7E006019C7 /* AFURLSessionManager.m in Sources */ = {isa = PBXBuildFile; fileRef = 501DE93D21300F7E006019C7 /* AFURLSessionManager.m */; };
		501DE95F21300F7E006019C7 /* AFURLRequestSerialization.m in Sources */ = {isa = PBXBuildFile; fileRef = 501DE93E21300F7E006019C7 /* AFURLRequestSerialization.m */; };
		501DE96021300F7E006019C7 /* AFNetworkReachabilityManager.m in Sources */ = {isa = PBXBuildFile; fileRef = 501DE94021300F7E006019C7 /* AFNetworkReachabilityManager.m */; };
		501DE96121300F7E006019C7 /* AFSecurityPolicy.m in Sources */ = {isa = PBXBuildFile; fileRef = 501DE94121300F7E006019C7 /* AFSecurityPolicy.m */; };
		501DE96221300F7E006019C7 /* BANetManagerCache.m in Sources */ = {isa = PBXBuildFile; fileRef = 501DE94621300F7E006019C7 /* BANetManagerCache.m */; };
		501DE96321300F7E006019C7 /* BANetManager.m in Sources */ = {isa = PBXBuildFile; fileRef = 501DE94721300F7E006019C7 /* BANetManager.m */; };
		501DE96421300F7E006019C7 /* UIImage+CompressImage.m in Sources */ = {isa = PBXBuildFile; fileRef = 501DE94821300F7E006019C7 /* UIImage+CompressImage.m */; };
		501DE96521300F7E006019C7 /* BADataEntity.m in Sources */ = {isa = PBXBuildFile; fileRef = 501DE94A21300F7E006019C7 /* BADataEntity.m */; };
		501DE96F21300FCA006019C7 /* YYDiskCache.m in Sources */ = {isa = PBXBuildFile; fileRef = 501DE96721300FCA006019C7 /* YYDiskCache.m */; };
		501DE97021300FCA006019C7 /* YYDiskCache.m in Sources */ = {isa = PBXBuildFile; fileRef = 501DE96721300FCA006019C7 /* YYDiskCache.m */; };
		501DE97121300FCA006019C7 /* YYCache.m in Sources */ = {isa = PBXBuildFile; fileRef = 501DE96921300FCA006019C7 /* YYCache.m */; };
		501DE97221300FCA006019C7 /* YYCache.m in Sources */ = {isa = PBXBuildFile; fileRef = 501DE96921300FCA006019C7 /* YYCache.m */; };
		501DE97321300FCA006019C7 /* YYKVStorage.m in Sources */ = {isa = PBXBuildFile; fileRef = 501DE96D21300FCA006019C7 /* YYKVStorage.m */; };
		501DE97421300FCA006019C7 /* YYKVStorage.m in Sources */ = {isa = PBXBuildFile; fileRef = 501DE96D21300FCA006019C7 /* YYKVStorage.m */; };
		501DE97521300FCA006019C7 /* YYMemoryCache.m in Sources */ = {isa = PBXBuildFile; fileRef = 501DE96E21300FCA006019C7 /* YYMemoryCache.m */; };
		501DE97621300FCA006019C7 /* YYMemoryCache.m in Sources */ = {isa = PBXBuildFile; fileRef = 501DE96E21300FCA006019C7 /* YYMemoryCache.m */; };
		644405DA21312ABF0050AD55 /* BaseViewController.m in Sources */ = {isa = PBXBuildFile; fileRef = 644405D921312ABF0050AD55 /* BaseViewController.m */; };
		644405DD21312C090050AD55 /* BaseNavigationController.m in Sources */ = {isa = PBXBuildFile; fileRef = 644405DC21312C090050AD55 /* BaseNavigationController.m */; };
		644405E121312CA10050AD55 /* VACheckDataViewController.m in Sources */ = {isa = PBXBuildFile; fileRef = 644405DF21312CA10050AD55 /* VACheckDataViewController.m */; };
		64440633213142860050AD55 /* AnimationWaveEnd.m in Sources */ = {isa = PBXBuildFile; fileRef = 6444060C213142860050AD55 /* AnimationWaveEnd.m */; };
		64440634213142860050AD55 /* AnimationBackEnd.m in Sources */ = {isa = PBXBuildFile; fileRef = 6444060F213142860050AD55 /* AnimationBackEnd.m */; };
		64440635213142860050AD55 /* AnimationTransitionEnd.m in Sources */ = {isa = PBXBuildFile; fileRef = 64440610213142860050AD55 /* AnimationTransitionEnd.m */; };
		64440636213142860050AD55 /* VCTransitionDelegate.m in Sources */ = {isa = PBXBuildFile; fileRef = 64440613213142860050AD55 /* VCTransitionDelegate.m */; };
		64440637213142860050AD55 /* AnimationTiltBegin.m in Sources */ = {isa = PBXBuildFile; fileRef = 64440614213142860050AD55 /* AnimationTiltBegin.m */; };
		64440638213142860050AD55 /* AnimationBackBegin.m in Sources */ = {isa = PBXBuildFile; fileRef = 64440616213142860050AD55 /* AnimationBackBegin.m */; };
		64440639213142860050AD55 /* AnimationTildEnd.m in Sources */ = {isa = PBXBuildFile; fileRef = 64440617213142860050AD55 /* AnimationTildEnd.m */; };
		6444063A213142860050AD55 /* AnimationFadeEnd.m in Sources */ = {isa = PBXBuildFile; fileRef = 64440618213142860050AD55 /* AnimationFadeEnd.m */; };
		6444063B213142860050AD55 /* AnimationFadeBegin.m in Sources */ = {isa = PBXBuildFile; fileRef = 6444061A213142860050AD55 /* AnimationFadeBegin.m */; };
		6444063C213142860050AD55 /* AnimationScaleBegin.m in Sources */ = {isa = PBXBuildFile; fileRef = 6444061B213142860050AD55 /* AnimationScaleBegin.m */; };
		6444063D213142860050AD55 /* UIViewController+HHTransition.m in Sources */ = {isa = PBXBuildFile; fileRef = 6444061C213142860050AD55 /* UIViewController+HHTransition.m */; };
		6444063E213142860050AD55 /* VCInteractionDelegate.m in Sources */ = {isa = PBXBuildFile; fileRef = 6444061D213142860050AD55 /* VCInteractionDelegate.m */; };
		6444063F213142860050AD55 /* AnimationWaveBegin.m in Sources */ = {isa = PBXBuildFile; fileRef = 6444061E213142860050AD55 /* AnimationWaveBegin.m */; };
		64440640213142860050AD55 /* AnimationErectBegin.m in Sources */ = {isa = PBXBuildFile; fileRef = 6444061F213142860050AD55 /* AnimationErectBegin.m */; };
		64440641213142860050AD55 /* UIView+HHLayout.m in Sources */ = {isa = PBXBuildFile; fileRef = 64440623213142860050AD55 /* UIView+HHLayout.m */; };
		64440642213142860050AD55 /* AnimationErectEnd.m in Sources */ = {isa = PBXBuildFile; fileRef = 64440624213142860050AD55 /* AnimationErectEnd.m */; };
		64440643213142860050AD55 /* AnimationTransitionBegin.m in Sources */ = {isa = PBXBuildFile; fileRef = 64440629213142860050AD55 /* AnimationTransitionBegin.m */; };
		64440644213142860050AD55 /* AnimationScaleEnd.m in Sources */ = {isa = PBXBuildFile; fileRef = 6444062A213142860050AD55 /* AnimationScaleEnd.m */; };
		64440645213142860050AD55 /* QuadrantRecognise.m in Sources */ = {isa = PBXBuildFile; fileRef = 6444062D213142860050AD55 /* QuadrantRecognise.m */; };
		6444064D21314E7B0050AD55 /* VAHomeViewController.m in Sources */ = {isa = PBXBuildFile; fileRef = 6444064B21314E7B0050AD55 /* VAHomeViewController.m */; };
		6444064E21314E7B0050AD55 /* VAHomeViewController.xib in Resources */ = {isa = PBXBuildFile; fileRef = 6444064C21314E7B0050AD55 /* VAHomeViewController.xib */; };
		6444065221314F8F0050AD55 /* CarInfoModel.m in Sources */ = {isa = PBXBuildFile; fileRef = 6444065121314F8F0050AD55 /* CarInfoModel.m */; };
		6444065521314FA00050AD55 /* CityModel.m in Sources */ = {isa = PBXBuildFile; fileRef = 6444065421314FA00050AD55 /* CityModel.m */; };
		644406592131506C0050AD55 /* VCPasswordViewController.m in Sources */ = {isa = PBXBuildFile; fileRef = 644406582131506C0050AD55 /* VCPasswordViewController.m */; };
		6444065F213151090050AD55 /* VATool.m in Sources */ = {isa = PBXBuildFile; fileRef = 6444065E213151090050AD55 /* VATool.m */; };
		6444066B2131585B0050AD55 /* HUDTipView.m in Sources */ = {isa = PBXBuildFile; fileRef = 644406642131585B0050AD55 /* HUDTipView.m */; };
		6444066C2131585B0050AD55 /* PassWordView.m in Sources */ = {isa = PBXBuildFile; fileRef = 644406662131585B0050AD55 /* PassWordView.m */; };
		6444066D2131585B0050AD55 /* PassWordView.xib in Resources */ = {isa = PBXBuildFile; fileRef = 644406692131585B0050AD55 /* PassWordView.xib */; };
		6444066E2131585B0050AD55 /* PassWordCollectionViewCell.m in Sources */ = {isa = PBXBuildFile; fileRef = 6444066A2131585B0050AD55 /* PassWordCollectionViewCell.m */; };
		64440673213158A40050AD55 /* XHDatePickerView.xib in Resources */ = {isa = PBXBuildFile; fileRef = 64440671213158A40050AD55 /* XHDatePickerView.xib */; };
		64440674213158A40050AD55 /* XHDatePickerView.m in Sources */ = {isa = PBXBuildFile; fileRef = 64440672213158A40050AD55 /* XHDatePickerView.m */; };
		64ADA12121322DBF00600563 /* VACheckDataViewController.xib in Resources */ = {isa = PBXBuildFile; fileRef = 64ADA12021322DBF00600563 /* VACheckDataViewController.xib */; };
		64ADA12421322EEB00600563 /* VCLoginModel.m in Sources */ = {isa = PBXBuildFile; fileRef = 64ADA12321322EEB00600563 /* VCLoginModel.m */; };
		64ADA128213236D400600563 /* VADataBase.m in Sources */ = {isa = PBXBuildFile; fileRef = 64ADA127213236D400600563 /* VADataBase.m */; };
		64ADA12B2132819B00600563 /* UploadInfo.m in Sources */ = {isa = PBXBuildFile; fileRef = 64ADA12A2132819B00600563 /* UploadInfo.m */; };
		64ADA12D2132F90600600563 /* 7.jpg in Resources */ = {isa = PBXBuildFile; fileRef = 64ADA12C2132F90600600563 /* 7.jpg */; };
/* End PBXBuildFile section */

/* Begin PBXContainerItemProxy section */
		501DE8D4212FFFCE006019C7 /* PBXContainerItemProxy */ = {
			isa = PBXContainerItemProxy;
			containerPortal = 501DE8B3212FFFCD006019C7 /* Project object */;
			proxyType = 1;
			remoteGlobalIDString = 501DE8BA212FFFCD006019C7;
			remoteInfo = VehicleAcquisition;
		};
		501DE8DF212FFFCF006019C7 /* PBXContainerItemProxy */ = {
			isa = PBXContainerItemProxy;
			containerPortal = 501DE8B3212FFFCD006019C7 /* Project object */;
			proxyType = 1;
			remoteGlobalIDString = 501DE8BA212FFFCD006019C7;
			remoteInfo = VehicleAcquisition;
		};
/* End PBXContainerItemProxy section */

/* Begin PBXFileReference section */
		0B2D4E3E7FFD4C0270BD5D14 /* Pods_VehicleAcquisition.framework */ = {isa = PBXFileReference; explicitFileType = wrapper.framework; includeInIndex = 0; path = Pods_VehicleAcquisition.framework; sourceTree = BUILT_PRODUCTS_DIR; };
		1A49871C17094747C7BD37A2 /* Pods-VehicleAcquisition.debug.xcconfig */ = {isa = PBXFileReference; includeInIndex = 1; lastKnownFileType = text.xcconfig; name = "Pods-VehicleAcquisition.debug.xcconfig"; path = "Pods/Target Support Files/Pods-VehicleAcquisition/Pods-VehicleAcquisition.debug.xcconfig"; sourceTree = "<group>"; };
		501DE8BB212FFFCD006019C7 /* VehicleAcquisition.app */ = {isa = PBXFileReference; explicitFileType = wrapper.application; includeInIndex = 0; path = VehicleAcquisition.app; sourceTree = BUILT_PRODUCTS_DIR; };
		501DE8CC212FFFCE006019C7 /* Info.plist */ = {isa = PBXFileReference; lastKnownFileType = text.plist.xml; path = Info.plist; sourceTree = "<group>"; };
		501DE8D3212FFFCE006019C7 /* VehicleAcquisitionTests.xctest */ = {isa = PBXFileReference; explicitFileType = wrapper.cfbundle; includeInIndex = 0; path = VehicleAcquisitionTests.xctest; sourceTree = BUILT_PRODUCTS_DIR; };
		501DE8D7212FFFCE006019C7 /* VehicleAcquisitionTests.m */ = {isa = PBXFileReference; lastKnownFileType = sourcecode.c.objc; path = VehicleAcquisitionTests.m; sourceTree = "<group>"; };
		501DE8D9212FFFCF006019C7 /* Info.plist */ = {isa = PBXFileReference; lastKnownFileType = text.plist.xml; path = Info.plist; sourceTree = "<group>"; };
		501DE8DE212FFFCF006019C7 /* VehicleAcquisitionUITests.xctest */ = {isa = PBXFileReference; explicitFileType = wrapper.cfbundle; includeInIndex = 0; path = VehicleAcquisitionUITests.xctest; sourceTree = BUILT_PRODUCTS_DIR; };
		501DE8E2212FFFCF006019C7 /* VehicleAcquisitionUITests.m */ = {isa = PBXFileReference; lastKnownFileType = sourcecode.c.objc; path = VehicleAcquisitionUITests.m; sourceTree = "<group>"; };
		501DE8E4212FFFCF006019C7 /* Info.plist */ = {isa = PBXFileReference; lastKnownFileType = text.plist.xml; path = Info.plist; sourceTree = "<group>"; };
		501DE8FF21300864006019C7 /* Constant.h */ = {isa = PBXFileReference; fileEncoding = 4; lastKnownFileType = sourcecode.c.h; path = Constant.h; sourceTree = "<group>"; };
		501DE90021300864006019C7 /* PrefixHeader.pch */ = {isa = PBXFileReference; fileEncoding = 4; lastKnownFileType = sourcecode.c.h; path = PrefixHeader.pch; sourceTree = "<group>"; };
		501DE90821300886006019C7 /* AppDelegate.h */ = {isa = PBXFileReference; fileEncoding = 4; lastKnownFileType = sourcecode.c.h; path = AppDelegate.h; sourceTree = "<group>"; };
		501DE90921300886006019C7 /* Assets.xcassets */ = {isa = PBXFileReference; lastKnownFileType = folder.assetcatalog; path = Assets.xcassets; sourceTree = "<group>"; };
		501DE90B21300886006019C7 /* Base */ = {isa = PBXFileReference; lastKnownFileType = file.storyboard; name = Base; path = Base.lproj/LaunchScreen.storyboard; sourceTree = "<group>"; };
		501DE90D21300886006019C7 /* Base */ = {isa = PBXFileReference; lastKnownFileType = file.storyboard; name = Base; path = Base.lproj/Main.storyboard; sourceTree = "<group>"; };
		501DE90E21300886006019C7 /* main.m */ = {isa = PBXFileReference; fileEncoding = 4; lastKnownFileType = sourcecode.c.objc; path = main.m; sourceTree = "<group>"; };
		501DE90F21300886006019C7 /* AppDelegate.m */ = {isa = PBXFileReference; fileEncoding = 4; lastKnownFileType = sourcecode.c.objc; path = AppDelegate.m; sourceTree = "<group>"; };
		501DE91621300F7D006019C7 /* NetworkingTool.m */ = {isa = PBXFileReference; fileEncoding = 4; lastKnownFileType = sourcecode.c.objc; path = NetworkingTool.m; sourceTree = "<group>"; };
		501DE91721300F7D006019C7 /* NetworkingTool.h */ = {isa = PBXFileReference; fileEncoding = 4; lastKnownFileType = sourcecode.c.h; path = NetworkingTool.h; sourceTree = "<group>"; };
		501DE91921300F7D006019C7 /* NSDate+Extension.h */ = {isa = PBXFileReference; fileEncoding = 4; lastKnownFileType = sourcecode.c.h; path = "NSDate+Extension.h"; sourceTree = "<group>"; };
		501DE91A21300F7D006019C7 /* UIView+Extension.h */ = {isa = PBXFileReference; fileEncoding = 4; lastKnownFileType = sourcecode.c.h; path = "UIView+Extension.h"; sourceTree = "<group>"; };
		501DE91B21300F7D006019C7 /* UIColorCategory.m */ = {isa = PBXFileReference; fileEncoding = 4; lastKnownFileType = sourcecode.c.objc; path = UIColorCategory.m; sourceTree = "<group>"; };
		501DE91C21300F7D006019C7 /* NSDate+Extension.m */ = {isa = PBXFileReference; fileEncoding = 4; lastKnownFileType = sourcecode.c.objc; path = "NSDate+Extension.m"; sourceTree = "<group>"; };
		501DE91D21300F7D006019C7 /* UIColorCategory.h */ = {isa = PBXFileReference; fileEncoding = 4; lastKnownFileType = sourcecode.c.h; path = UIColorCategory.h; sourceTree = "<group>"; };
		501DE91E21300F7D006019C7 /* UIView+Extension.m */ = {isa = PBXFileReference; fileEncoding = 4; lastKnownFileType = sourcecode.c.objc; path = "UIView+Extension.m"; sourceTree = "<group>"; };
		501DE92121300F7E006019C7 /* UIProgressView+AFNetworking.m */ = {isa = PBXFileReference; fileEncoding = 4; lastKnownFileType = sourcecode.c.objc; path = "UIProgressView+AFNetworking.m"; sourceTree = "<group>"; };
		501DE92221300F7E006019C7 /* UIButton+AFNetworking.h */ = {isa = PBXFileReference; fileEncoding = 4; lastKnownFileType = sourcecode.c.h; path = "UIButton+AFNetworking.h"; sourceTree = "<group>"; };
		501DE92321300F7E006019C7 /* UIRefreshControl+AFNetworking.m */ = {isa = PBXFileReference; fileEncoding = 4; lastKnownFileType = sourcecode.c.objc; path = "UIRefreshControl+AFNetworking.m"; sourceTree = "<group>"; };
		501DE92421300F7E006019C7 /* UIImageView+AFNetworking.h */ = {isa = PBXFileReference; fileEncoding = 4; lastKnownFileType = sourcecode.c.h; path = "UIImageView+AFNetworking.h"; sourceTree = "<group>"; };
		501DE92521300F7E006019C7 /* AFImageDownloader.h */ = {isa = PBXFileReference; fileEncoding = 4; lastKnownFileType = sourcecode.c.h; path = AFImageDownloader.h; sourceTree = "<group>"; };
		501DE92621300F7E006019C7 /* AFNetworkActivityIndicatorManager.m */ = {isa = PBXFileReference; fileEncoding = 4; lastKnownFileType = sourcecode.c.objc; path = AFNetworkActivityIndicatorManager.m; sourceTree = "<group>"; };
		501DE92721300F7E006019C7 /* AFAutoPurgingImageCache.h */ = {isa = PBXFileReference; fileEncoding = 4; lastKnownFileType = sourcecode.c.h; path = AFAutoPurgingImageCache.h; sourceTree = "<group>"; };
		501DE92821300F7E006019C7 /* UIWebView+AFNetworking.h */ = {isa = PBXFileReference; fileEncoding = 4; lastKnownFileType = sourcecode.c.h; path = "UIWebView+AFNetworking.h"; sourceTree = "<group>"; };
		501DE92921300F7E006019C7 /* UIActivityIndicatorView+AFNetworking.h */ = {isa = PBXFileReference; fileEncoding = 4; lastKnownFileType = sourcecode.c.h; path = "UIActivityIndicatorView+AFNetworking.h"; sourceTree = "<group>"; };
		501DE92A21300F7E006019C7 /* UIImage+AFNetworking.h */ = {isa = PBXFileReference; fileEncoding = 4; lastKnownFileType = sourcecode.c.h; path = "UIImage+AFNetworking.h"; sourceTree = "<group>"; };
		501DE92B21300F7E006019C7 /* UIProgressView+AFNetworking.h */ = {isa = PBXFileReference; fileEncoding = 4; lastKnownFileType = sourcecode.c.h; path = "UIProgressView+AFNetworking.h"; sourceTree = "<group>"; };
		501DE92C21300F7E006019C7 /* UIImageView+AFNetworking.m */ = {isa = PBXFileReference; fileEncoding = 4; lastKnownFileType = sourcecode.c.objc; path = "UIImageView+AFNetworking.m"; sourceTree = "<group>"; };
		501DE92D21300F7E006019C7 /* UIKit+AFNetworking.h */ = {isa = PBXFileReference; fileEncoding = 4; lastKnownFileType = sourcecode.c.h; path = "UIKit+AFNetworking.h"; sourceTree = "<group>"; };
		501DE92E21300F7E006019C7 /* UIRefreshControl+AFNetworking.h */ = {isa = PBXFileReference; fileEncoding = 4; lastKnownFileType = sourcecode.c.h; path = "UIRefreshControl+AFNetworking.h"; sourceTree = "<group>"; };
		501DE92F21300F7E006019C7 /* UIButton+AFNetworking.m */ = {isa = PBXFileReference; fileEncoding = 4; lastKnownFileType = sourcecode.c.objc; path = "UIButton+AFNetworking.m"; sourceTree = "<group>"; };
		501DE93021300F7E006019C7 /* UIActivityIndicatorView+AFNetworking.m */ = {isa = PBXFileReference; fileEncoding = 4; lastKnownFileType = sourcecode.c.objc; path = "UIActivityIndicatorView+AFNetworking.m"; sourceTree = "<group>"; };
		501DE93121300F7E006019C7 /* UIWebView+AFNetworking.m */ = {isa = PBXFileReference; fileEncoding = 4; lastKnownFileType = sourcecode.c.objc; path = "UIWebView+AFNetworking.m"; sourceTree = "<group>"; };
		501DE93221300F7E006019C7 /* AFAutoPurgingImageCache.m */ = {isa = PBXFileReference; fileEncoding = 4; lastKnownFileType = sourcecode.c.objc; path = AFAutoPurgingImageCache.m; sourceTree = "<group>"; };
		501DE93321300F7E006019C7 /* AFNetworkActivityIndicatorManager.h */ = {isa = PBXFileReference; fileEncoding = 4; lastKnownFileType = sourcecode.c.h; path = AFNetworkActivityIndicatorManager.h; sourceTree = "<group>"; };
		501DE93421300F7E006019C7 /* AFImageDownloader.m */ = {isa = PBXFileReference; fileEncoding = 4; lastKnownFileType = sourcecode.c.objc; path = AFImageDownloader.m; sourceTree = "<group>"; };
		501DE93621300F7E006019C7 /* AFSecurityPolicy.h */ = {isa = PBXFileReference; fileEncoding = 4; lastKnownFileType = sourcecode.c.h; path = AFSecurityPolicy.h; sourceTree = "<group>"; };
		501DE93721300F7E006019C7 /* AFNetworkReachabilityManager.h */ = {isa = PBXFileReference; fileEncoding = 4; lastKnownFileType = sourcecode.c.h; path = AFNetworkReachabilityManager.h; sourceTree = "<group>"; };
		501DE93821300F7E006019C7 /* AFURLSessionManager.h */ = {isa = PBXFileReference; fileEncoding = 4; lastKnownFileType = sourcecode.c.h; path = AFURLSessionManager.h; sourceTree = "<group>"; };
		501DE93921300F7E006019C7 /* AFURLRequestSerialization.h */ = {isa = PBXFileReference; fileEncoding = 4; lastKnownFileType = sourcecode.c.h; path = AFURLRequestSerialization.h; sourceTree = "<group>"; };
		501DE93A21300F7E006019C7 /* AFURLResponseSerialization.m */ = {isa = PBXFileReference; fileEncoding = 4; lastKnownFileType = sourcecode.c.objc; path = AFURLResponseSerialization.m; sourceTree = "<group>"; };
		501DE93B21300F7E006019C7 /* AFHTTPSessionManager.m */ = {isa = PBXFileReference; fileEncoding = 4; lastKnownFileType = sourcecode.c.objc; path = AFHTTPSessionManager.m; sourceTree = "<group>"; };
		501DE93C21300F7E006019C7 /* AFURLResponseSerialization.h */ = {isa = PBXFileReference; fileEncoding = 4; lastKnownFileType = sourcecode.c.h; path = AFURLResponseSerialization.h; sourceTree = "<group>"; };
		501DE93D21300F7E006019C7 /* AFURLSessionManager.m */ = {isa = PBXFileReference; fileEncoding = 4; lastKnownFileType = sourcecode.c.objc; path = AFURLSessionManager.m; sourceTree = "<group>"; };
		501DE93E21300F7E006019C7 /* AFURLRequestSerialization.m */ = {isa = PBXFileReference; fileEncoding = 4; lastKnownFileType = sourcecode.c.objc; path = AFURLRequestSerialization.m; sourceTree = "<group>"; };
		501DE93F21300F7E006019C7 /* AFNetworking.h */ = {isa = PBXFileReference; fileEncoding = 4; lastKnownFileType = sourcecode.c.h; path = AFNetworking.h; sourceTree = "<group>"; };
		501DE94021300F7E006019C7 /* AFNetworkReachabilityManager.m */ = {isa = PBXFileReference; fileEncoding = 4; lastKnownFileType = sourcecode.c.objc; path = AFNetworkReachabilityManager.m; sourceTree = "<group>"; };
		501DE94121300F7E006019C7 /* AFSecurityPolicy.m */ = {isa = PBXFileReference; fileEncoding = 4; lastKnownFileType = sourcecode.c.objc; path = AFSecurityPolicy.m; sourceTree = "<group>"; };
		501DE94221300F7E006019C7 /* AFCompatibilityMacros.h */ = {isa = PBXFileReference; fileEncoding = 4; lastKnownFileType = sourcecode.c.h; path = AFCompatibilityMacros.h; sourceTree = "<group>"; };
		501DE94321300F7E006019C7 /* AFHTTPSessionManager.h */ = {isa = PBXFileReference; fileEncoding = 4; lastKnownFileType = sourcecode.c.h; path = AFHTTPSessionManager.h; sourceTree = "<group>"; };
		501DE94521300F7E006019C7 /* BADataEntity.h */ = {isa = PBXFileReference; fileEncoding = 4; lastKnownFileType = sourcecode.c.h; path = BADataEntity.h; sourceTree = "<group>"; };
		501DE94621300F7E006019C7 /* BANetManagerCache.m */ = {isa = PBXFileReference; fileEncoding = 4; lastKnownFileType = sourcecode.c.objc; path = BANetManagerCache.m; sourceTree = "<group>"; };
		501DE94721300F7E006019C7 /* BANetManager.m */ = {isa = PBXFileReference; fileEncoding = 4; lastKnownFileType = sourcecode.c.objc; path = BANetManager.m; sourceTree = "<group>"; };
		501DE94821300F7E006019C7 /* UIImage+CompressImage.m */ = {isa = PBXFileReference; fileEncoding = 4; lastKnownFileType = sourcecode.c.objc; path = "UIImage+CompressImage.m"; sourceTree = "<group>"; };
		501DE94921300F7E006019C7 /* BANetManager_Version.h */ = {isa = PBXFileReference; fileEncoding = 4; lastKnownFileType = sourcecode.c.h; path = BANetManager_Version.h; sourceTree = "<group>"; };
		501DE94A21300F7E006019C7 /* BADataEntity.m */ = {isa = PBXFileReference; fileEncoding = 4; lastKnownFileType = sourcecode.c.objc; path = BADataEntity.m; sourceTree = "<group>"; };
		501DE94B21300F7E006019C7 /* BANetManagerCache.h */ = {isa = PBXFileReference; fileEncoding = 4; lastKnownFileType = sourcecode.c.h; path = BANetManagerCache.h; sourceTree = "<group>"; };
		501DE94C21300F7E006019C7 /* UIImage+CompressImage.h */ = {isa = PBXFileReference; fileEncoding = 4; lastKnownFileType = sourcecode.c.h; path = "UIImage+CompressImage.h"; sourceTree = "<group>"; };
		501DE94D21300F7E006019C7 /* BANetManager.h */ = {isa = PBXFileReference; fileEncoding = 4; lastKnownFileType = sourcecode.c.h; path = BANetManager.h; sourceTree = "<group>"; };
		501DE94E21300F7E006019C7 /* BANetManager_OC.h */ = {isa = PBXFileReference; fileEncoding = 4; lastKnownFileType = sourcecode.c.h; path = BANetManager_OC.h; sourceTree = "<group>"; };
		501DE96721300FCA006019C7 /* YYDiskCache.m */ = {isa = PBXFileReference; fileEncoding = 4; lastKnownFileType = sourcecode.c.objc; path = YYDiskCache.m; sourceTree = "<group>"; };
		501DE96821300FCA006019C7 /* YYKVStorage.h */ = {isa = PBXFileReference; fileEncoding = 4; lastKnownFileType = sourcecode.c.h; path = YYKVStorage.h; sourceTree = "<group>"; };
		501DE96921300FCA006019C7 /* YYCache.m */ = {isa = PBXFileReference; fileEncoding = 4; lastKnownFileType = sourcecode.c.objc; path = YYCache.m; sourceTree = "<group>"; };
		501DE96A21300FCA006019C7 /* YYMemoryCache.h */ = {isa = PBXFileReference; fileEncoding = 4; lastKnownFileType = sourcecode.c.h; path = YYMemoryCache.h; sourceTree = "<group>"; };
		501DE96B21300FCA006019C7 /* YYDiskCache.h */ = {isa = PBXFileReference; fileEncoding = 4; lastKnownFileType = sourcecode.c.h; path = YYDiskCache.h; sourceTree = "<group>"; };
		501DE96C21300FCA006019C7 /* YYCache.h */ = {isa = PBXFileReference; fileEncoding = 4; lastKnownFileType = sourcecode.c.h; path = YYCache.h; sourceTree = "<group>"; };
		501DE96D21300FCA006019C7 /* YYKVStorage.m */ = {isa = PBXFileReference; fileEncoding = 4; lastKnownFileType = sourcecode.c.objc; path = YYKVStorage.m; sourceTree = "<group>"; };
		501DE96E21300FCA006019C7 /* YYMemoryCache.m */ = {isa = PBXFileReference; fileEncoding = 4; lastKnownFileType = sourcecode.c.objc; path = YYMemoryCache.m; sourceTree = "<group>"; };
		644405D821312ABF0050AD55 /* BaseViewController.h */ = {isa = PBXFileReference; lastKnownFileType = sourcecode.c.h; path = BaseViewController.h; sourceTree = "<group>"; };
		644405D921312ABF0050AD55 /* BaseViewController.m */ = {isa = PBXFileReference; lastKnownFileType = sourcecode.c.objc; path = BaseViewController.m; sourceTree = "<group>"; };
		644405DB21312C090050AD55 /* BaseNavigationController.h */ = {isa = PBXFileReference; fileEncoding = 4; lastKnownFileType = sourcecode.c.h; path = BaseNavigationController.h; sourceTree = "<group>"; };
		644405DC21312C090050AD55 /* BaseNavigationController.m */ = {isa = PBXFileReference; fileEncoding = 4; lastKnownFileType = sourcecode.c.objc; path = BaseNavigationController.m; sourceTree = "<group>"; };
		644405DE21312CA10050AD55 /* VACheckDataViewController.h */ = {isa = PBXFileReference; lastKnownFileType = sourcecode.c.h; path = VACheckDataViewController.h; sourceTree = "<group>"; };
		644405DF21312CA10050AD55 /* VACheckDataViewController.m */ = {isa = PBXFileReference; lastKnownFileType = sourcecode.c.objc; path = VACheckDataViewController.m; sourceTree = "<group>"; };
		6444060C213142860050AD55 /* AnimationWaveEnd.m */ = {isa = PBXFileReference; fileEncoding = 4; lastKnownFileType = sourcecode.c.objc; path = AnimationWaveEnd.m; sourceTree = "<group>"; };
		6444060D213142860050AD55 /* AnimationStyle.h */ = {isa = PBXFileReference; fileEncoding = 4; lastKnownFileType = sourcecode.c.h; path = AnimationStyle.h; sourceTree = "<group>"; };
		6444060E213142860050AD55 /* UIView+HHLayout.h */ = {isa = PBXFileReference; fileEncoding = 4; lastKnownFileType = sourcecode.c.h; path = "UIView+HHLayout.h"; sourceTree = "<group>"; };
		6444060F213142860050AD55 /* AnimationBackEnd.m */ = {isa = PBXFileReference; fileEncoding = 4; lastKnownFileType = sourcecode.c.objc; path = AnimationBackEnd.m; sourceTree = "<group>"; };
		64440610213142860050AD55 /* AnimationTransitionEnd.m */ = {isa = PBXFileReference; fileEncoding = 4; lastKnownFileType = sourcecode.c.objc; path = AnimationTransitionEnd.m; sourceTree = "<group>"; };
		64440611213142860050AD55 /* QuadrantRecognise.h */ = {isa = PBXFileReference; fileEncoding = 4; lastKnownFileType = sourcecode.c.h; path = QuadrantRecognise.h; sourceTree = "<group>"; };
		64440612213142860050AD55 /* AnimationScaleEnd.h */ = {isa = PBXFileReference; fileEncoding = 4; lastKnownFileType = sourcecode.c.h; path = AnimationScaleEnd.h; sourceTree = "<group>"; };
		64440613213142860050AD55 /* VCTransitionDelegate.m */ = {isa = PBXFileReference; fileEncoding = 4; lastKnownFileType = sourcecode.c.objc; path = VCTransitionDelegate.m; sourceTree = "<group>"; };
		64440614213142860050AD55 /* AnimationTiltBegin.m */ = {isa = PBXFileReference; fileEncoding = 4; lastKnownFileType = sourcecode.c.objc; path = AnimationTiltBegin.m; sourceTree = "<group>"; };
		64440615213142860050AD55 /* AnimationTransitionBegin.h */ = {isa = PBXFileReference; fileEncoding = 4; lastKnownFileType = sourcecode.c.h; path = AnimationTransitionBegin.h; sourceTree = "<group>"; };
		64440616213142860050AD55 /* AnimationBackBegin.m */ = {isa = PBXFileReference; fileEncoding = 4; lastKnownFileType = sourcecode.c.objc; path = AnimationBackBegin.m; sourceTree = "<group>"; };
		64440617213142860050AD55 /* AnimationTildEnd.m */ = {isa = PBXFileReference; fileEncoding = 4; lastKnownFileType = sourcecode.c.objc; path = AnimationTildEnd.m; sourceTree = "<group>"; };
		64440618213142860050AD55 /* AnimationFadeEnd.m */ = {isa = PBXFileReference; fileEncoding = 4; lastKnownFileType = sourcecode.c.objc; path = AnimationFadeEnd.m; sourceTree = "<group>"; };
		64440619213142860050AD55 /* AnimationErectEnd.h */ = {isa = PBXFileReference; fileEncoding = 4; lastKnownFileType = sourcecode.c.h; path = AnimationErectEnd.h; sourceTree = "<group>"; };
		6444061A213142860050AD55 /* AnimationFadeBegin.m */ = {isa = PBXFileReference; fileEncoding = 4; lastKnownFileType = sourcecode.c.objc; path = AnimationFadeBegin.m; sourceTree = "<group>"; };
		6444061B213142860050AD55 /* AnimationScaleBegin.m */ = {isa = PBXFileReference; fileEncoding = 4; lastKnownFileType = sourcecode.c.objc; path = AnimationScaleBegin.m; sourceTree = "<group>"; };
		6444061C213142860050AD55 /* UIViewController+HHTransition.m */ = {isa = PBXFileReference; fileEncoding = 4; lastKnownFileType = sourcecode.c.objc; path = "UIViewController+HHTransition.m"; sourceTree = "<group>"; };
		6444061D213142860050AD55 /* VCInteractionDelegate.m */ = {isa = PBXFileReference; fileEncoding = 4; lastKnownFileType = sourcecode.c.objc; path = VCInteractionDelegate.m; sourceTree = "<group>"; };
		6444061E213142860050AD55 /* AnimationWaveBegin.m */ = {isa = PBXFileReference; fileEncoding = 4; lastKnownFileType = sourcecode.c.objc; path = AnimationWaveBegin.m; sourceTree = "<group>"; };
		6444061F213142860050AD55 /* AnimationErectBegin.m */ = {isa = PBXFileReference; fileEncoding = 4; lastKnownFileType = sourcecode.c.objc; path = AnimationErectBegin.m; sourceTree = "<group>"; };
		64440620213142860050AD55 /* AnimationWaveEnd.h */ = {isa = PBXFileReference; fileEncoding = 4; lastKnownFileType = sourcecode.c.h; path = AnimationWaveEnd.h; sourceTree = "<group>"; };
		64440621213142860050AD55 /* AnimationTransitionEnd.h */ = {isa = PBXFileReference; fileEncoding = 4; lastKnownFileType = sourcecode.c.h; path = AnimationTransitionEnd.h; sourceTree = "<group>"; };
		64440622213142860050AD55 /* AnimationBackEnd.h */ = {isa = PBXFileReference; fileEncoding = 4; lastKnownFileType = sourcecode.c.h; path = AnimationBackEnd.h; sourceTree = "<group>"; };
		64440623213142860050AD55 /* UIView+HHLayout.m */ = {isa = PBXFileReference; fileEncoding = 4; lastKnownFileType = sourcecode.c.objc; path = "UIView+HHLayout.m"; sourceTree = "<group>"; };
		64440624213142860050AD55 /* AnimationErectEnd.m */ = {isa = PBXFileReference; fileEncoding = 4; lastKnownFileType = sourcecode.c.objc; path = AnimationErectEnd.m; sourceTree = "<group>"; };
		64440625213142860050AD55 /* AnimationFadeBegin.h */ = {isa = PBXFileReference; fileEncoding = 4; lastKnownFileType = sourcecode.c.h; path = AnimationFadeBegin.h; sourceTree = "<group>"; };
		64440626213142860050AD55 /* AnimationFadeEnd.h */ = {isa = PBXFileReference; fileEncoding = 4; lastKnownFileType = sourcecode.c.h; path = AnimationFadeEnd.h; sourceTree = "<group>"; };
		64440627213142860050AD55 /* AnimationTildEnd.h */ = {isa = PBXFileReference; fileEncoding = 4; lastKnownFileType = sourcecode.c.h; path = AnimationTildEnd.h; sourceTree = "<group>"; };
		64440628213142860050AD55 /* AnimationBackBegin.h */ = {isa = PBXFileReference; fileEncoding = 4; lastKnownFileType = sourcecode.c.h; path = AnimationBackBegin.h; sourceTree = "<group>"; };
		64440629213142860050AD55 /* AnimationTransitionBegin.m */ = {isa = PBXFileReference; fileEncoding = 4; lastKnownFileType = sourcecode.c.objc; path = AnimationTransitionBegin.m; sourceTree = "<group>"; };
		6444062A213142860050AD55 /* AnimationScaleEnd.m */ = {isa = PBXFileReference; fileEncoding = 4; lastKnownFileType = sourcecode.c.objc; path = AnimationScaleEnd.m; sourceTree = "<group>"; };
		6444062B213142860050AD55 /* VCTransitionDelegate.h */ = {isa = PBXFileReference; fileEncoding = 4; lastKnownFileType = sourcecode.c.h; path = VCTransitionDelegate.h; sourceTree = "<group>"; };
		6444062C213142860050AD55 /* AnimationTiltBegin.h */ = {isa = PBXFileReference; fileEncoding = 4; lastKnownFileType = sourcecode.c.h; path = AnimationTiltBegin.h; sourceTree = "<group>"; };
		6444062D213142860050AD55 /* QuadrantRecognise.m */ = {isa = PBXFileReference; fileEncoding = 4; lastKnownFileType = sourcecode.c.objc; path = QuadrantRecognise.m; sourceTree = "<group>"; };
		6444062E213142860050AD55 /* AnimationErectBegin.h */ = {isa = PBXFileReference; fileEncoding = 4; lastKnownFileType = sourcecode.c.h; path = AnimationErectBegin.h; sourceTree = "<group>"; };
		6444062F213142860050AD55 /* VCInteractionDelegate.h */ = {isa = PBXFileReference; fileEncoding = 4; lastKnownFileType = sourcecode.c.h; path = VCInteractionDelegate.h; sourceTree = "<group>"; };
		64440630213142860050AD55 /* AnimationWaveBegin.h */ = {isa = PBXFileReference; fileEncoding = 4; lastKnownFileType = sourcecode.c.h; path = AnimationWaveBegin.h; sourceTree = "<group>"; };
		64440631213142860050AD55 /* UIViewController+HHTransition.h */ = {isa = PBXFileReference; fileEncoding = 4; lastKnownFileType = sourcecode.c.h; path = "UIViewController+HHTransition.h"; sourceTree = "<group>"; };
		64440632213142860050AD55 /* AnimationScaleBegin.h */ = {isa = PBXFileReference; fileEncoding = 4; lastKnownFileType = sourcecode.c.h; path = AnimationScaleBegin.h; sourceTree = "<group>"; };
		6444064A21314E7B0050AD55 /* VAHomeViewController.h */ = {isa = PBXFileReference; lastKnownFileType = sourcecode.c.h; path = VAHomeViewController.h; sourceTree = "<group>"; };
		6444064B21314E7B0050AD55 /* VAHomeViewController.m */ = {isa = PBXFileReference; lastKnownFileType = sourcecode.c.objc; path = VAHomeViewController.m; sourceTree = "<group>"; };
		6444064C21314E7B0050AD55 /* VAHomeViewController.xib */ = {isa = PBXFileReference; lastKnownFileType = file.xib; path = VAHomeViewController.xib; sourceTree = "<group>"; };
		6444065021314F8F0050AD55 /* CarInfoModel.h */ = {isa = PBXFileReference; lastKnownFileType = sourcecode.c.h; path = CarInfoModel.h; sourceTree = "<group>"; };
		6444065121314F8F0050AD55 /* CarInfoModel.m */ = {isa = PBXFileReference; lastKnownFileType = sourcecode.c.objc; path = CarInfoModel.m; sourceTree = "<group>"; };
		6444065321314FA00050AD55 /* CityModel.h */ = {isa = PBXFileReference; lastKnownFileType = sourcecode.c.h; path = CityModel.h; sourceTree = "<group>"; };
		6444065421314FA00050AD55 /* CityModel.m */ = {isa = PBXFileReference; lastKnownFileType = sourcecode.c.objc; path = CityModel.m; sourceTree = "<group>"; };
		644406572131506C0050AD55 /* VCPasswordViewController.h */ = {isa = PBXFileReference; lastKnownFileType = sourcecode.c.h; path = VCPasswordViewController.h; sourceTree = "<group>"; };
		644406582131506C0050AD55 /* VCPasswordViewController.m */ = {isa = PBXFileReference; lastKnownFileType = sourcecode.c.objc; path = VCPasswordViewController.m; sourceTree = "<group>"; };
		6444065D213151090050AD55 /* VATool.h */ = {isa = PBXFileReference; lastKnownFileType = sourcecode.c.h; path = VATool.h; sourceTree = "<group>"; };
		6444065E213151090050AD55 /* VATool.m */ = {isa = PBXFileReference; lastKnownFileType = sourcecode.c.objc; path = VATool.m; sourceTree = "<group>"; };
		644406632131585B0050AD55 /* HUDTipView.h */ = {isa = PBXFileReference; fileEncoding = 4; lastKnownFileType = sourcecode.c.h; path = HUDTipView.h; sourceTree = "<group>"; };
		644406642131585B0050AD55 /* HUDTipView.m */ = {isa = PBXFileReference; fileEncoding = 4; lastKnownFileType = sourcecode.c.objc; path = HUDTipView.m; sourceTree = "<group>"; };
		644406662131585B0050AD55 /* PassWordView.m */ = {isa = PBXFileReference; fileEncoding = 4; lastKnownFileType = sourcecode.c.objc; path = PassWordView.m; sourceTree = "<group>"; };
		644406672131585B0050AD55 /* PassWordCollectionViewCell.h */ = {isa = PBXFileReference; fileEncoding = 4; lastKnownFileType = sourcecode.c.h; path = PassWordCollectionViewCell.h; sourceTree = "<group>"; };
		644406682131585B0050AD55 /* PassWordView.h */ = {isa = PBXFileReference; fileEncoding = 4; lastKnownFileType = sourcecode.c.h; path = PassWordView.h; sourceTree = "<group>"; };
		644406692131585B0050AD55 /* PassWordView.xib */ = {isa = PBXFileReference; fileEncoding = 4; lastKnownFileType = file.xib; path = PassWordView.xib; sourceTree = "<group>"; };
		6444066A2131585B0050AD55 /* PassWordCollectionViewCell.m */ = {isa = PBXFileReference; fileEncoding = 4; lastKnownFileType = sourcecode.c.objc; path = PassWordCollectionViewCell.m; sourceTree = "<group>"; };
		64440670213158A40050AD55 /* XHDatePickerView.h */ = {isa = PBXFileReference; fileEncoding = 4; lastKnownFileType = sourcecode.c.h; path = XHDatePickerView.h; sourceTree = "<group>"; };
		64440671213158A40050AD55 /* XHDatePickerView.xib */ = {isa = PBXFileReference; fileEncoding = 4; lastKnownFileType = file.xib; path = XHDatePickerView.xib; sourceTree = "<group>"; };
		64440672213158A40050AD55 /* XHDatePickerView.m */ = {isa = PBXFileReference; fileEncoding = 4; lastKnownFileType = sourcecode.c.objc; path = XHDatePickerView.m; sourceTree = "<group>"; };
		64ADA12021322DBF00600563 /* VACheckDataViewController.xib */ = {isa = PBXFileReference; lastKnownFileType = file.xib; path = VACheckDataViewController.xib; sourceTree = "<group>"; };
		64ADA12221322EEB00600563 /* VCLoginModel.h */ = {isa = PBXFileReference; lastKnownFileType = sourcecode.c.h; path = VCLoginModel.h; sourceTree = "<group>"; };
		64ADA12321322EEB00600563 /* VCLoginModel.m */ = {isa = PBXFileReference; lastKnownFileType = sourcecode.c.objc; path = VCLoginModel.m; sourceTree = "<group>"; };
		64ADA126213236D400600563 /* VADataBase.h */ = {isa = PBXFileReference; lastKnownFileType = sourcecode.c.h; path = VADataBase.h; sourceTree = "<group>"; };
		64ADA127213236D400600563 /* VADataBase.m */ = {isa = PBXFileReference; lastKnownFileType = sourcecode.c.objc; path = VADataBase.m; sourceTree = "<group>"; };
		64ADA1292132819B00600563 /* UploadInfo.h */ = {isa = PBXFileReference; lastKnownFileType = sourcecode.c.h; path = UploadInfo.h; sourceTree = "<group>"; };
		64ADA12A2132819B00600563 /* UploadInfo.m */ = {isa = PBXFileReference; lastKnownFileType = sourcecode.c.objc; path = UploadInfo.m; sourceTree = "<group>"; };
		64ADA12C2132F90600600563 /* 7.jpg */ = {isa = PBXFileReference; lastKnownFileType = image.jpeg; path = 7.jpg; sourceTree = "<group>"; };
		95AEE332A8EFFCB137E2DED8 /* Pods-VehicleAcquisition.release.xcconfig */ = {isa = PBXFileReference; includeInIndex = 1; lastKnownFileType = text.xcconfig; name = "Pods-VehicleAcquisition.release.xcconfig"; path = "Pods/Target Support Files/Pods-VehicleAcquisition/Pods-VehicleAcquisition.release.xcconfig"; sourceTree = "<group>"; };
/* End PBXFileReference section */

/* Begin PBXFrameworksBuildPhase section */
		501DE8B8212FFFCD006019C7 /* Frameworks */ = {
			isa = PBXFrameworksBuildPhase;
			buildActionMask = 2147483647;
			files = (
				37E7D947A9295AA1269AEED8 /* Pods_VehicleAcquisition.framework in Frameworks */,
			);
			runOnlyForDeploymentPostprocessing = 0;
		};
		501DE8D0212FFFCE006019C7 /* Frameworks */ = {
			isa = PBXFrameworksBuildPhase;
			buildActionMask = 2147483647;
			files = (
			);
			runOnlyForDeploymentPostprocessing = 0;
		};
		501DE8DB212FFFCF006019C7 /* Frameworks */ = {
			isa = PBXFrameworksBuildPhase;
			buildActionMask = 2147483647;
			files = (
			);
			runOnlyForDeploymentPostprocessing = 0;
		};
/* End PBXFrameworksBuildPhase section */

/* Begin PBXGroup section */
		1324D6AEF2D4EF56C53319C1 /* Frameworks */ = {
			isa = PBXGroup;
			children = (
				0B2D4E3E7FFD4C0270BD5D14 /* Pods_VehicleAcquisition.framework */,
			);
			name = Frameworks;
			sourceTree = "<group>";
		};
		501DE8B2212FFFCD006019C7 = {
			isa = PBXGroup;
			children = (
				501DE8BD212FFFCD006019C7 /* VehicleAcquisition */,
				501DE8D6212FFFCE006019C7 /* VehicleAcquisitionTests */,
				501DE8E1212FFFCF006019C7 /* VehicleAcquisitionUITests */,
				501DE8BC212FFFCD006019C7 /* Products */,
				F45B64C0DE8A55DCA2138785 /* Pods */,
				1324D6AEF2D4EF56C53319C1 /* Frameworks */,
			);
			sourceTree = "<group>";
		};
		501DE8BC212FFFCD006019C7 /* Products */ = {
			isa = PBXGroup;
			children = (
				501DE8BB212FFFCD006019C7 /* VehicleAcquisition.app */,
				501DE8D3212FFFCE006019C7 /* VehicleAcquisitionTests.xctest */,
				501DE8DE212FFFCF006019C7 /* VehicleAcquisitionUITests.xctest */,
			);
			name = Products;
			sourceTree = "<group>";
		};
		501DE8BD212FFFCD006019C7 /* VehicleAcquisition */ = {
			isa = PBXGroup;
			children = (
				64ADA12C2132F90600600563 /* 7.jpg */,
				644405D721312AA40050AD55 /* Base */,
				64440660213157800050AD55 /* CustomKit */,
				501DE91821300F7D006019C7 /* Category */,
				501DE91521300F7D006019C7 /* Tool */,
				501DE91F21300F7E006019C7 /* Vendors */,
				501DE90721300886006019C7 /* Other */,
				501DE8FE21300864006019C7 /* Common */,
				644405D521312A240050AD55 /* Main */,
				501DE8CC212FFFCE006019C7 /* Info.plist */,
			);
			path = VehicleAcquisition;
			sourceTree = "<group>";
		};
		501DE8D6212FFFCE006019C7 /* VehicleAcquisitionTests */ = {
			isa = PBXGroup;
			children = (
				501DE8D7212FFFCE006019C7 /* VehicleAcquisitionTests.m */,
				501DE8D9212FFFCF006019C7 /* Info.plist */,
			);
			path = VehicleAcquisitionTests;
			sourceTree = "<group>";
		};
		501DE8E1212FFFCF006019C7 /* VehicleAcquisitionUITests */ = {
			isa = PBXGroup;
			children = (
				501DE8E2212FFFCF006019C7 /* VehicleAcquisitionUITests.m */,
				501DE8E4212FFFCF006019C7 /* Info.plist */,
			);
			path = VehicleAcquisitionUITests;
			sourceTree = "<group>";
		};
		501DE8FE21300864006019C7 /* Common */ = {
			isa = PBXGroup;
			children = (
				64ADA12521322F3F00600563 /* FMDBDataBase */,
				6444064F21314F530050AD55 /* CommonModel */,
				501DE8FF21300864006019C7 /* Constant.h */,
				501DE90021300864006019C7 /* PrefixHeader.pch */,
				6444065D213151090050AD55 /* VATool.h */,
				6444065E213151090050AD55 /* VATool.m */,
				64ADA12221322EEB00600563 /* VCLoginModel.h */,
				64ADA12321322EEB00600563 /* VCLoginModel.m */,
			);
			path = Common;
			sourceTree = "<group>";
		};
		501DE90721300886006019C7 /* Other */ = {
			isa = PBXGroup;
			children = (
				501DE90821300886006019C7 /* AppDelegate.h */,
				501DE90F21300886006019C7 /* AppDelegate.m */,
				501DE90A21300886006019C7 /* LaunchScreen.storyboard */,
				501DE90C21300886006019C7 /* Main.storyboard */,
				501DE90E21300886006019C7 /* main.m */,
				501DE90921300886006019C7 /* Assets.xcassets */,
			);
			path = Other;
			sourceTree = "<group>";
		};
		501DE91521300F7D006019C7 /* Tool */ = {
			isa = PBXGroup;
			children = (
				501DE91721300F7D006019C7 /* NetworkingTool.h */,
				501DE91621300F7D006019C7 /* NetworkingTool.m */,
			);
			path = Tool;
			sourceTree = "<group>";
		};
		501DE91821300F7D006019C7 /* Category */ = {
			isa = PBXGroup;
			children = (
				501DE91921300F7D006019C7 /* NSDate+Extension.h */,
				501DE91C21300F7D006019C7 /* NSDate+Extension.m */,
				501DE91A21300F7D006019C7 /* UIView+Extension.h */,
				501DE91E21300F7D006019C7 /* UIView+Extension.m */,
				501DE91D21300F7D006019C7 /* UIColorCategory.h */,
				501DE91B21300F7D006019C7 /* UIColorCategory.m */,
			);
			path = Category;
			sourceTree = "<group>";
		};
		501DE91F21300F7E006019C7 /* Vendors */ = {
			isa = PBXGroup;
			children = (
				6444060B213142860050AD55 /* HHTransition */,
				501DE96621300FCA006019C7 /* YYCache */,
				501DE92021300F7E006019C7 /* UIKit+AFNetworking */,
				501DE93521300F7E006019C7 /* AFNetworking */,
				501DE94421300F7E006019C7 /* BANetManager */,
			);
			path = Vendors;
			sourceTree = "<group>";
		};
		501DE92021300F7E006019C7 /* UIKit+AFNetworking */ = {
			isa = PBXGroup;
			children = (
				501DE92121300F7E006019C7 /* UIProgressView+AFNetworking.m */,
				501DE92221300F7E006019C7 /* UIButton+AFNetworking.h */,
				501DE92321300F7E006019C7 /* UIRefreshControl+AFNetworking.m */,
				501DE92421300F7E006019C7 /* UIImageView+AFNetworking.h */,
				501DE92521300F7E006019C7 /* AFImageDownloader.h */,
				501DE92621300F7E006019C7 /* AFNetworkActivityIndicatorManager.m */,
				501DE92721300F7E006019C7 /* AFAutoPurgingImageCache.h */,
				501DE92821300F7E006019C7 /* UIWebView+AFNetworking.h */,
				501DE92921300F7E006019C7 /* UIActivityIndicatorView+AFNetworking.h */,
				501DE92A21300F7E006019C7 /* UIImage+AFNetworking.h */,
				501DE92B21300F7E006019C7 /* UIProgressView+AFNetworking.h */,
				501DE92C21300F7E006019C7 /* UIImageView+AFNetworking.m */,
				501DE92D21300F7E006019C7 /* UIKit+AFNetworking.h */,
				501DE92E21300F7E006019C7 /* UIRefreshControl+AFNetworking.h */,
				501DE92F21300F7E006019C7 /* UIButton+AFNetworking.m */,
				501DE93021300F7E006019C7 /* UIActivityIndicatorView+AFNetworking.m */,
				501DE93121300F7E006019C7 /* UIWebView+AFNetworking.m */,
				501DE93221300F7E006019C7 /* AFAutoPurgingImageCache.m */,
				501DE93321300F7E006019C7 /* AFNetworkActivityIndicatorManager.h */,
				501DE93421300F7E006019C7 /* AFImageDownloader.m */,
			);
			path = "UIKit+AFNetworking";
			sourceTree = "<group>";
		};
		501DE93521300F7E006019C7 /* AFNetworking */ = {
			isa = PBXGroup;
			children = (
				501DE93621300F7E006019C7 /* AFSecurityPolicy.h */,
				501DE93721300F7E006019C7 /* AFNetworkReachabilityManager.h */,
				501DE93821300F7E006019C7 /* AFURLSessionManager.h */,
				501DE93921300F7E006019C7 /* AFURLRequestSerialization.h */,
				501DE93A21300F7E006019C7 /* AFURLResponseSerialization.m */,
				501DE93B21300F7E006019C7 /* AFHTTPSessionManager.m */,
				501DE93C21300F7E006019C7 /* AFURLResponseSerialization.h */,
				501DE93D21300F7E006019C7 /* AFURLSessionManager.m */,
				501DE93E21300F7E006019C7 /* AFURLRequestSerialization.m */,
				501DE93F21300F7E006019C7 /* AFNetworking.h */,
				501DE94021300F7E006019C7 /* AFNetworkReachabilityManager.m */,
				501DE94121300F7E006019C7 /* AFSecurityPolicy.m */,
				501DE94221300F7E006019C7 /* AFCompatibilityMacros.h */,
				501DE94321300F7E006019C7 /* AFHTTPSessionManager.h */,
			);
			path = AFNetworking;
			sourceTree = "<group>";
		};
		501DE94421300F7E006019C7 /* BANetManager */ = {
			isa = PBXGroup;
			children = (
				501DE94521300F7E006019C7 /* BADataEntity.h */,
				501DE94621300F7E006019C7 /* BANetManagerCache.m */,
				501DE94721300F7E006019C7 /* BANetManager.m */,
				501DE94821300F7E006019C7 /* UIImage+CompressImage.m */,
				501DE94921300F7E006019C7 /* BANetManager_Version.h */,
				501DE94A21300F7E006019C7 /* BADataEntity.m */,
				501DE94B21300F7E006019C7 /* BANetManagerCache.h */,
				501DE94C21300F7E006019C7 /* UIImage+CompressImage.h */,
				501DE94D21300F7E006019C7 /* BANetManager.h */,
				501DE94E21300F7E006019C7 /* BANetManager_OC.h */,
			);
			path = BANetManager;
			sourceTree = "<group>";
		};
		501DE96621300FCA006019C7 /* YYCache */ = {
			isa = PBXGroup;
			children = (
				501DE96721300FCA006019C7 /* YYDiskCache.m */,
				501DE96821300FCA006019C7 /* YYKVStorage.h */,
				501DE96921300FCA006019C7 /* YYCache.m */,
				501DE96A21300FCA006019C7 /* YYMemoryCache.h */,
				501DE96B21300FCA006019C7 /* YYDiskCache.h */,
				501DE96C21300FCA006019C7 /* YYCache.h */,
				501DE96D21300FCA006019C7 /* YYKVStorage.m */,
				501DE96E21300FCA006019C7 /* YYMemoryCache.m */,
			);
			path = YYCache;
			sourceTree = "<group>";
		};
		644405D521312A240050AD55 /* Main */ = {
			isa = PBXGroup;
			children = (
				644406562131505E0050AD55 /* PasswordViewController */,
				644405D621312A5F0050AD55 /* CheckDataViewController */,
				6444064621314CC50050AD55 /* HomeViewController */,
			);
			path = Main;
			sourceTree = "<group>";
		};
		644405D621312A5F0050AD55 /* CheckDataViewController */ = {
			isa = PBXGroup;
			children = (
				644405DE21312CA10050AD55 /* VACheckDataViewController.h */,
				644405DF21312CA10050AD55 /* VACheckDataViewController.m */,
				64ADA12021322DBF00600563 /* VACheckDataViewController.xib */,
			);
			path = CheckDataViewController;
			sourceTree = "<group>";
		};
		644405D721312AA40050AD55 /* Base */ = {
			isa = PBXGroup;
			children = (
				644405DB21312C090050AD55 /* BaseNavigationController.h */,
				644405DC21312C090050AD55 /* BaseNavigationController.m */,
				644405D821312ABF0050AD55 /* BaseViewController.h */,
				644405D921312ABF0050AD55 /* BaseViewController.m */,
			);
			path = Base;
			sourceTree = "<group>";
		};
		6444060B213142860050AD55 /* HHTransition */ = {
			isa = PBXGroup;
			children = (
				6444060C213142860050AD55 /* AnimationWaveEnd.m */,
				6444060D213142860050AD55 /* AnimationStyle.h */,
				6444060E213142860050AD55 /* UIView+HHLayout.h */,
				6444060F213142860050AD55 /* AnimationBackEnd.m */,
				64440610213142860050AD55 /* AnimationTransitionEnd.m */,
				64440611213142860050AD55 /* QuadrantRecognise.h */,
				64440612213142860050AD55 /* AnimationScaleEnd.h */,
				64440613213142860050AD55 /* VCTransitionDelegate.m */,
				64440614213142860050AD55 /* AnimationTiltBegin.m */,
				64440615213142860050AD55 /* AnimationTransitionBegin.h */,
				64440616213142860050AD55 /* AnimationBackBegin.m */,
				64440617213142860050AD55 /* AnimationTildEnd.m */,
				64440618213142860050AD55 /* AnimationFadeEnd.m */,
				64440619213142860050AD55 /* AnimationErectEnd.h */,
				6444061A213142860050AD55 /* AnimationFadeBegin.m */,
				6444061B213142860050AD55 /* AnimationScaleBegin.m */,
				6444061C213142860050AD55 /* UIViewController+HHTransition.m */,
				6444061D213142860050AD55 /* VCInteractionDelegate.m */,
				6444061E213142860050AD55 /* AnimationWaveBegin.m */,
				6444061F213142860050AD55 /* AnimationErectBegin.m */,
				64440620213142860050AD55 /* AnimationWaveEnd.h */,
				64440621213142860050AD55 /* AnimationTransitionEnd.h */,
				64440622213142860050AD55 /* AnimationBackEnd.h */,
				64440623213142860050AD55 /* UIView+HHLayout.m */,
				64440624213142860050AD55 /* AnimationErectEnd.m */,
				64440625213142860050AD55 /* AnimationFadeBegin.h */,
				64440626213142860050AD55 /* AnimationFadeEnd.h */,
				64440627213142860050AD55 /* AnimationTildEnd.h */,
				64440628213142860050AD55 /* AnimationBackBegin.h */,
				64440629213142860050AD55 /* AnimationTransitionBegin.m */,
				6444062A213142860050AD55 /* AnimationScaleEnd.m */,
				6444062B213142860050AD55 /* VCTransitionDelegate.h */,
				6444062C213142860050AD55 /* AnimationTiltBegin.h */,
				6444062D213142860050AD55 /* QuadrantRecognise.m */,
				6444062E213142860050AD55 /* AnimationErectBegin.h */,
				6444062F213142860050AD55 /* VCInteractionDelegate.h */,
				64440630213142860050AD55 /* AnimationWaveBegin.h */,
				64440631213142860050AD55 /* UIViewController+HHTransition.h */,
				64440632213142860050AD55 /* AnimationScaleBegin.h */,
			);
			name = HHTransition;
			path = "../../../Downloads/HHTransition-master/HHTransition";
			sourceTree = "<group>";
		};
		6444064621314CC50050AD55 /* HomeViewController */ = {
			isa = PBXGroup;
			children = (
				6444064A21314E7B0050AD55 /* VAHomeViewController.h */,
				6444064B21314E7B0050AD55 /* VAHomeViewController.m */,
				6444064C21314E7B0050AD55 /* VAHomeViewController.xib */,
			);
			path = HomeViewController;
			sourceTree = "<group>";
		};
		6444064F21314F530050AD55 /* CommonModel */ = {
			isa = PBXGroup;
			children = (
				6444065021314F8F0050AD55 /* CarInfoModel.h */,
				6444065121314F8F0050AD55 /* CarInfoModel.m */,
				6444065321314FA00050AD55 /* CityModel.h */,
				6444065421314FA00050AD55 /* CityModel.m */,
				64ADA1292132819B00600563 /* UploadInfo.h */,
				64ADA12A2132819B00600563 /* UploadInfo.m */,
			);
			path = CommonModel;
			sourceTree = "<group>";
		};
		644406562131505E0050AD55 /* PasswordViewController */ = {
			isa = PBXGroup;
			children = (
				644406572131506C0050AD55 /* VCPasswordViewController.h */,
				644406582131506C0050AD55 /* VCPasswordViewController.m */,
			);
			path = PasswordViewController;
			sourceTree = "<group>";
		};
		64440660213157800050AD55 /* CustomKit */ = {
			isa = PBXGroup;
			children = (
				6444066F213158A40050AD55 /* XHDatePicker */,
				644406622131585B0050AD55 /* HUDTipView */,
				644406652131585B0050AD55 /* PassWordView */,
			);
			path = CustomKit;
			sourceTree = "<group>";
		};
		644406622131585B0050AD55 /* HUDTipView */ = {
			isa = PBXGroup;
			children = (
				644406632131585B0050AD55 /* HUDTipView.h */,
				644406642131585B0050AD55 /* HUDTipView.m */,
			);
			path = HUDTipView;
			sourceTree = "<group>";
		};
		644406652131585B0050AD55 /* PassWordView */ = {
			isa = PBXGroup;
			children = (
				644406682131585B0050AD55 /* PassWordView.h */,
				644406662131585B0050AD55 /* PassWordView.m */,
				644406692131585B0050AD55 /* PassWordView.xib */,
				644406672131585B0050AD55 /* PassWordCollectionViewCell.h */,
				6444066A2131585B0050AD55 /* PassWordCollectionViewCell.m */,
			);
			path = PassWordView;
			sourceTree = "<group>";
		};
		6444066F213158A40050AD55 /* XHDatePicker */ = {
			isa = PBXGroup;
			children = (
				64440670213158A40050AD55 /* XHDatePickerView.h */,
				64440671213158A40050AD55 /* XHDatePickerView.xib */,
				64440672213158A40050AD55 /* XHDatePickerView.m */,
			);
			path = XHDatePicker;
			sourceTree = "<group>";
		};
		64ADA12521322F3F00600563 /* FMDBDataBase */ = {
			isa = PBXGroup;
			children = (
				64ADA126213236D400600563 /* VADataBase.h */,
				64ADA127213236D400600563 /* VADataBase.m */,
			);
			path = FMDBDataBase;
			sourceTree = "<group>";
		};
		F45B64C0DE8A55DCA2138785 /* Pods */ = {
			isa = PBXGroup;
			children = (
				1A49871C17094747C7BD37A2 /* Pods-VehicleAcquisition.debug.xcconfig */,
				95AEE332A8EFFCB137E2DED8 /* Pods-VehicleAcquisition.release.xcconfig */,
			);
			name = Pods;
			sourceTree = "<group>";
		};
/* End PBXGroup section */

/* Begin PBXNativeTarget section */
		501DE8BA212FFFCD006019C7 /* VehicleAcquisition */ = {
			isa = PBXNativeTarget;
			buildConfigurationList = 501DE8E7212FFFCF006019C7 /* Build configuration list for PBXNativeTarget "VehicleAcquisition" */;
			buildPhases = (
				B7BF520E8E5F388FFFCC51E3 /* [CP] Check Pods Manifest.lock */,
				501DE8B7212FFFCD006019C7 /* Sources */,
				501DE8B8212FFFCD006019C7 /* Frameworks */,
				501DE8B9212FFFCD006019C7 /* Resources */,
				79687C966C61E1EA10FB8DE2 /* [CP] Embed Pods Frameworks */,
				6FB6088BF6BCE7B93334CD90 /* [CP] Copy Pods Resources */,
			);
			buildRules = (
			);
			dependencies = (
			);
			name = VehicleAcquisition;
			productName = VehicleAcquisition;
			productReference = 501DE8BB212FFFCD006019C7 /* VehicleAcquisition.app */;
			productType = "com.apple.product-type.application";
		};
		501DE8D2212FFFCE006019C7 /* VehicleAcquisitionTests */ = {
			isa = PBXNativeTarget;
			buildConfigurationList = 501DE8EA212FFFCF006019C7 /* Build configuration list for PBXNativeTarget "VehicleAcquisitionTests" */;
			buildPhases = (
				501DE8CF212FFFCE006019C7 /* Sources */,
				501DE8D0212FFFCE006019C7 /* Frameworks */,
				501DE8D1212FFFCE006019C7 /* Resources */,
			);
			buildRules = (
			);
			dependencies = (
				501DE8D5212FFFCE006019C7 /* PBXTargetDependency */,
			);
			name = VehicleAcquisitionTests;
			productName = VehicleAcquisitionTests;
			productReference = 501DE8D3212FFFCE006019C7 /* VehicleAcquisitionTests.xctest */;
			productType = "com.apple.product-type.bundle.unit-test";
		};
		501DE8DD212FFFCF006019C7 /* VehicleAcquisitionUITests */ = {
			isa = PBXNativeTarget;
			buildConfigurationList = 501DE8ED212FFFCF006019C7 /* Build configuration list for PBXNativeTarget "VehicleAcquisitionUITests" */;
			buildPhases = (
				501DE8DA212FFFCF006019C7 /* Sources */,
				501DE8DB212FFFCF006019C7 /* Frameworks */,
				501DE8DC212FFFCF006019C7 /* Resources */,
			);
			buildRules = (
			);
			dependencies = (
				501DE8E0212FFFCF006019C7 /* PBXTargetDependency */,
			);
			name = VehicleAcquisitionUITests;
			productName = VehicleAcquisitionUITests;
			productReference = 501DE8DE212FFFCF006019C7 /* VehicleAcquisitionUITests.xctest */;
			productType = "com.apple.product-type.bundle.ui-testing";
		};
/* End PBXNativeTarget section */

/* Begin PBXProject section */
		501DE8B3212FFFCD006019C7 /* Project object */ = {
			isa = PBXProject;
			attributes = {
				LastUpgradeCheck = 0940;
				ORGANIZATIONNAME = blm;
				TargetAttributes = {
					501DE8BA212FFFCD006019C7 = {
						CreatedOnToolsVersion = 9.4.1;
					};
					501DE8D2212FFFCE006019C7 = {
						CreatedOnToolsVersion = 9.4.1;
						TestTargetID = 501DE8BA212FFFCD006019C7;
					};
					501DE8DD212FFFCF006019C7 = {
						CreatedOnToolsVersion = 9.4.1;
						TestTargetID = 501DE8BA212FFFCD006019C7;
					};
				};
			};
			buildConfigurationList = 501DE8B6212FFFCD006019C7 /* Build configuration list for PBXProject "VehicleAcquisition" */;
			compatibilityVersion = "Xcode 3.1";
			developmentRegion = en;
			hasScannedForEncodings = 0;
			knownRegions = (
				en,
				Base,
			);
			mainGroup = 501DE8B2212FFFCD006019C7;
			productRefGroup = 501DE8BC212FFFCD006019C7 /* Products */;
			projectDirPath = "";
			projectRoot = "";
			targets = (
				501DE8BA212FFFCD006019C7 /* VehicleAcquisition */,
				501DE8D2212FFFCE006019C7 /* VehicleAcquisitionTests */,
				501DE8DD212FFFCF006019C7 /* VehicleAcquisitionUITests */,
			);
		};
/* End PBXProject section */

/* Begin PBXResourcesBuildPhase section */
		501DE8B9212FFFCD006019C7 /* Resources */ = {
			isa = PBXResourcesBuildPhase;
			buildActionMask = 2147483647;
			files = (
				6444066D2131585B0050AD55 /* PassWordView.xib in Resources */,
				6444064E21314E7B0050AD55 /* VAHomeViewController.xib in Resources */,
				501DE91221300886006019C7 /* Main.storyboard in Resources */,
				64ADA12D2132F90600600563 /* 7.jpg in Resources */,
				501DE91021300886006019C7 /* Assets.xcassets in Resources */,
				64ADA12121322DBF00600563 /* VACheckDataViewController.xib in Resources */,
				64440673213158A40050AD55 /* XHDatePickerView.xib in Resources */,
				501DE91121300886006019C7 /* LaunchScreen.storyboard in Resources */,
			);
			runOnlyForDeploymentPostprocessing = 0;
		};
		501DE8D1212FFFCE006019C7 /* Resources */ = {
			isa = PBXResourcesBuildPhase;
			buildActionMask = 2147483647;
			files = (
			);
			runOnlyForDeploymentPostprocessing = 0;
		};
		501DE8DC212FFFCF006019C7 /* Resources */ = {
			isa = PBXResourcesBuildPhase;
			buildActionMask = 2147483647;
			files = (
			);
			runOnlyForDeploymentPostprocessing = 0;
		};
/* End PBXResourcesBuildPhase section */

/* Begin PBXShellScriptBuildPhase section */
		6FB6088BF6BCE7B93334CD90 /* [CP] Copy Pods Resources */ = {
			isa = PBXShellScriptBuildPhase;
			buildActionMask = 2147483647;
			files = (
			);
			inputPaths = (
			);
			name = "[CP] Copy Pods Resources";
			outputPaths = (
			);
			runOnlyForDeploymentPostprocessing = 0;
			shellPath = /bin/sh;
			shellScript = "\"${SRCROOT}/Pods/Target Support Files/Pods-VehicleAcquisition/Pods-VehicleAcquisition-resources.sh\"\n";
			showEnvVarsInLog = 0;
		};
		79687C966C61E1EA10FB8DE2 /* [CP] Embed Pods Frameworks */ = {
			isa = PBXShellScriptBuildPhase;
			buildActionMask = 2147483647;
			files = (
			);
			inputPaths = (
				"${SRCROOT}/Pods/Target Support Files/Pods-VehicleAcquisition/Pods-VehicleAcquisition-frameworks.sh",
				"${BUILT_PRODUCTS_DIR}/Bolts/Bolts.framework",
				"${BUILT_PRODUCTS_DIR}/CocoaLumberjack/CocoaLumberjack.framework",
				"${BUILT_PRODUCTS_DIR}/FMDB/FMDB.framework",
				"${BUILT_PRODUCTS_DIR}/IQKeyboardManager/IQKeyboardManager.framework",
				"${BUILT_PRODUCTS_DIR}/LBPhotoBrowser/LBPhotoBrowser.framework",
				"${BUILT_PRODUCTS_DIR}/MBProgressHUD/MBProgressHUD.framework",
				"${BUILT_PRODUCTS_DIR}/MJRefresh/MJRefresh.framework",
				"${BUILT_PRODUCTS_DIR}/Masonry/Masonry.framework",
				"${BUILT_PRODUCTS_DIR}/ReactiveObjC/ReactiveObjC.framework",
				"${BUILT_PRODUCTS_DIR}/SDWebImage/SDWebImage.framework",
				"${BUILT_PRODUCTS_DIR}/SVProgressHUD/SVProgressHUD.framework",
				"${BUILT_PRODUCTS_DIR}/TZImagePickerController/TZImagePickerController.framework",
				"${BUILT_PRODUCTS_DIR}/YYModel/YYModel.framework",
				"${BUILT_PRODUCTS_DIR}/YYText/YYText.framework",
				"${BUILT_PRODUCTS_DIR}/pop/pop.framework",
			);
			name = "[CP] Embed Pods Frameworks";
			outputPaths = (
				"${TARGET_BUILD_DIR}/${FRAMEWORKS_FOLDER_PATH}/Bolts.framework",
				"${TARGET_BUILD_DIR}/${FRAMEWORKS_FOLDER_PATH}/CocoaLumberjack.framework",
				"${TARGET_BUILD_DIR}/${FRAMEWORKS_FOLDER_PATH}/FMDB.framework",
				"${TARGET_BUILD_DIR}/${FRAMEWORKS_FOLDER_PATH}/IQKeyboardManager.framework",
				"${TARGET_BUILD_DIR}/${FRAMEWORKS_FOLDER_PATH}/LBPhotoBrowser.framework",
				"${TARGET_BUILD_DIR}/${FRAMEWORKS_FOLDER_PATH}/MBProgressHUD.framework",
				"${TARGET_BUILD_DIR}/${FRAMEWORKS_FOLDER_PATH}/MJRefresh.framework",
				"${TARGET_BUILD_DIR}/${FRAMEWORKS_FOLDER_PATH}/Masonry.framework",
				"${TARGET_BUILD_DIR}/${FRAMEWORKS_FOLDER_PATH}/ReactiveObjC.framework",
				"${TARGET_BUILD_DIR}/${FRAMEWORKS_FOLDER_PATH}/SDWebImage.framework",
				"${TARGET_BUILD_DIR}/${FRAMEWORKS_FOLDER_PATH}/SVProgressHUD.framework",
				"${TARGET_BUILD_DIR}/${FRAMEWORKS_FOLDER_PATH}/TZImagePickerController.framework",
				"${TARGET_BUILD_DIR}/${FRAMEWORKS_FOLDER_PATH}/YYModel.framework",
				"${TARGET_BUILD_DIR}/${FRAMEWORKS_FOLDER_PATH}/YYText.framework",
				"${TARGET_BUILD_DIR}/${FRAMEWORKS_FOLDER_PATH}/pop.framework",
			);
			runOnlyForDeploymentPostprocessing = 0;
			shellPath = /bin/sh;
			shellScript = "\"${SRCROOT}/Pods/Target Support Files/Pods-VehicleAcquisition/Pods-VehicleAcquisition-frameworks.sh\"\n";
			showEnvVarsInLog = 0;
		};
		B7BF520E8E5F388FFFCC51E3 /* [CP] Check Pods Manifest.lock */ = {
			isa = PBXShellScriptBuildPhase;
			buildActionMask = 2147483647;
			files = (
			);
			inputPaths = (
				"${PODS_PODFILE_DIR_PATH}/Podfile.lock",
				"${PODS_ROOT}/Manifest.lock",
			);
			name = "[CP] Check Pods Manifest.lock";
			outputPaths = (
				"$(DERIVED_FILE_DIR)/Pods-VehicleAcquisition-checkManifestLockResult.txt",
			);
			runOnlyForDeploymentPostprocessing = 0;
			shellPath = /bin/sh;
			shellScript = "diff \"${PODS_PODFILE_DIR_PATH}/Podfile.lock\" \"${PODS_ROOT}/Manifest.lock\" > /dev/null\nif [ $? != 0 ] ; then\n    # print error to STDERR\n    echo \"error: The sandbox is not in sync with the Podfile.lock. Run 'pod install' or update your CocoaPods installation.\" >&2\n    exit 1\nfi\n# This output is used by Xcode 'outputs' to avoid re-running this script phase.\necho \"SUCCESS\" > \"${SCRIPT_OUTPUT_FILE_0}\"\n";
			showEnvVarsInLog = 0;
		};
/* End PBXShellScriptBuildPhase section */

/* Begin PBXSourcesBuildPhase section */
		501DE8B7212FFFCD006019C7 /* Sources */ = {
			isa = PBXSourcesBuildPhase;
			buildActionMask = 2147483647;
			files = (
				644405DD21312C090050AD55 /* BaseNavigationController.m in Sources */,
				501DE95321300F7E006019C7 /* UIProgressView+AFNetworking.m in Sources */,
				644405DA21312ABF0050AD55 /* BaseViewController.m in Sources */,
				64440644213142860050AD55 /* AnimationScaleEnd.m in Sources */,
				64440633213142860050AD55 /* AnimationWaveEnd.m in Sources */,
				501DE95621300F7E006019C7 /* UIImageView+AFNetworking.m in Sources */,
				644405E121312CA10050AD55 /* VACheckDataViewController.m in Sources */,
				501DE96021300F7E006019C7 /* AFNetworkReachabilityManager.m in Sources */,
				501DE95B21300F7E006019C7 /* AFImageDownloader.m in Sources */,
				501DE95221300F7E006019C7 /* UIView+Extension.m in Sources */,
				6444063F213142860050AD55 /* AnimationWaveBegin.m in Sources */,
				501DE96421300F7E006019C7 /* UIImage+CompressImage.m in Sources */,
				501DE96221300F7E006019C7 /* BANetManagerCache.m in Sources */,
				6444063C213142860050AD55 /* AnimationScaleBegin.m in Sources */,
				64440674213158A40050AD55 /* XHDatePickerView.m in Sources */,
				64440643213142860050AD55 /* AnimationTransitionBegin.m in Sources */,
				64440634213142860050AD55 /* AnimationBackEnd.m in Sources */,
				6444063A213142860050AD55 /* AnimationFadeEnd.m in Sources */,
				6444063B213142860050AD55 /* AnimationFadeBegin.m in Sources */,
				501DE96321300F7E006019C7 /* BANetManager.m in Sources */,
				64440645213142860050AD55 /* QuadrantRecognise.m in Sources */,
				64440639213142860050AD55 /* AnimationTildEnd.m in Sources */,
				501DE97321300FCA006019C7 /* YYKVStorage.m in Sources */,
				64440637213142860050AD55 /* AnimationTiltBegin.m in Sources */,
				501DE95421300F7E006019C7 /* UIRefreshControl+AFNetworking.m in Sources */,
				501DE97521300FCA006019C7 /* YYMemoryCache.m in Sources */,
				6444066E2131585B0050AD55 /* PassWordCollectionViewCell.m in Sources */,
				64440641213142860050AD55 /* UIView+HHLayout.m in Sources */,
				501DE94F21300F7E006019C7 /* NetworkingTool.m in Sources */,
				501DE96521300F7E006019C7 /* BADataEntity.m in Sources */,
				501DE96121300F7E006019C7 /* AFSecurityPolicy.m in Sources */,
				64440635213142860050AD55 /* AnimationTransitionEnd.m in Sources */,
				501DE95A21300F7E006019C7 /* AFAutoPurgingImageCache.m in Sources */,
				64ADA12B2132819B00600563 /* UploadInfo.m in Sources */,
				501DE95721300F7E006019C7 /* UIButton+AFNetworking.m in Sources */,
				501DE95821300F7E006019C7 /* UIActivityIndicatorView+AFNetworking.m in Sources */,
				644406592131506C0050AD55 /* VCPasswordViewController.m in Sources */,
				501DE95E21300F7E006019C7 /* AFURLSessionManager.m in Sources */,
				6444065F213151090050AD55 /* VATool.m in Sources */,
				64440640213142860050AD55 /* AnimationErectBegin.m in Sources */,
				64440638213142860050AD55 /* AnimationBackBegin.m in Sources */,
				6444064D21314E7B0050AD55 /* VAHomeViewController.m in Sources */,
				501DE95121300F7E006019C7 /* NSDate+Extension.m in Sources */,
				501DE95921300F7E006019C7 /* UIWebView+AFNetworking.m in Sources */,
				501DE95F21300F7E006019C7 /* AFURLRequestSerialization.m in Sources */,
				501DE91421300886006019C7 /* AppDelegate.m in Sources */,
				6444065221314F8F0050AD55 /* CarInfoModel.m in Sources */,
				6444063E213142860050AD55 /* VCInteractionDelegate.m in Sources */,
				6444063D213142860050AD55 /* UIViewController+HHTransition.m in Sources */,
				64440636213142860050AD55 /* VCTransitionDelegate.m in Sources */,
				64440642213142860050AD55 /* AnimationErectEnd.m in Sources */,
				6444065521314FA00050AD55 /* CityModel.m in Sources */,
				501DE91321300886006019C7 /* main.m in Sources */,
				6444066B2131585B0050AD55 /* HUDTipView.m in Sources */,
				501DE95021300F7E006019C7 /* UIColorCategory.m in Sources */,
				501DE95C21300F7E006019C7 /* AFURLResponseSerialization.m in Sources */,
				501DE97121300FCA006019C7 /* YYCache.m in Sources */,
				501DE95D21300F7E006019C7 /* AFHTTPSessionManager.m in Sources */,
				6444066C2131585B0050AD55 /* PassWordView.m in Sources */,
				501DE95521300F7E006019C7 /* AFNetworkActivityIndicatorManager.m in Sources */,
				501DE96F21300FCA006019C7 /* YYDiskCache.m in Sources */,
				64ADA12421322EEB00600563 /* VCLoginModel.m in Sources */,
				64ADA128213236D400600563 /* VADataBase.m in Sources */,
			);
			runOnlyForDeploymentPostprocessing = 0;
		};
		501DE8CF212FFFCE006019C7 /* Sources */ = {
			isa = PBXSourcesBuildPhase;
			buildActionMask = 2147483647;
			files = (
				501DE97421300FCA006019C7 /* YYKVStorage.m in Sources */,
				501DE8D8212FFFCE006019C7 /* VehicleAcquisitionTests.m in Sources */,
				501DE97021300FCA006019C7 /* YYDiskCache.m in Sources */,
				501DE97621300FCA006019C7 /* YYMemoryCache.m in Sources */,
				501DE97221300FCA006019C7 /* YYCache.m in Sources */,
			);
			runOnlyForDeploymentPostprocessing = 0;
		};
		501DE8DA212FFFCF006019C7 /* Sources */ = {
			isa = PBXSourcesBuildPhase;
			buildActionMask = 2147483647;
			files = (
				501DE8E3212FFFCF006019C7 /* VehicleAcquisitionUITests.m in Sources */,
			);
			runOnlyForDeploymentPostprocessing = 0;
		};
/* End PBXSourcesBuildPhase section */

/* Begin PBXTargetDependency section */
		501DE8D5212FFFCE006019C7 /* PBXTargetDependency */ = {
			isa = PBXTargetDependency;
			target = 501DE8BA212FFFCD006019C7 /* VehicleAcquisition */;
			targetProxy = 501DE8D4212FFFCE006019C7 /* PBXContainerItemProxy */;
		};
		501DE8E0212FFFCF006019C7 /* PBXTargetDependency */ = {
			isa = PBXTargetDependency;
			target = 501DE8BA212FFFCD006019C7 /* VehicleAcquisition */;
			targetProxy = 501DE8DF212FFFCF006019C7 /* PBXContainerItemProxy */;
		};
/* End PBXTargetDependency section */

/* Begin PBXVariantGroup section */
		501DE90A21300886006019C7 /* LaunchScreen.storyboard */ = {
			isa = PBXVariantGroup;
			children = (
				501DE90B21300886006019C7 /* Base */,
			);
			name = LaunchScreen.storyboard;
			sourceTree = "<group>";
		};
		501DE90C21300886006019C7 /* Main.storyboard */ = {
			isa = PBXVariantGroup;
			children = (
				501DE90D21300886006019C7 /* Base */,
			);
			name = Main.storyboard;
			sourceTree = "<group>";
		};
/* End PBXVariantGroup section */

/* Begin XCBuildConfiguration section */
		501DE8E5212FFFCF006019C7 /* Debug */ = {
			isa = XCBuildConfiguration;
			buildSettings = {
				ALWAYS_SEARCH_USER_PATHS = NO;
				CLANG_ANALYZER_NONNULL = YES;
				CLANG_ANALYZER_NUMBER_OBJECT_CONVERSION = YES_AGGRESSIVE;
				CLANG_CXX_LANGUAGE_STANDARD = "gnu++14";
				CLANG_CXX_LIBRARY = "libc++";
				CLANG_ENABLE_MODULES = YES;
				CLANG_ENABLE_OBJC_ARC = YES;
				CLANG_ENABLE_OBJC_WEAK = YES;
				CLANG_WARN_BLOCK_CAPTURE_AUTORELEASING = YES;
				CLANG_WARN_BOOL_CONVERSION = YES;
				CLANG_WARN_COMMA = YES;
				CLANG_WARN_CONSTANT_CONVERSION = YES;
				CLANG_WARN_DEPRECATED_OBJC_IMPLEMENTATIONS = YES;
				CLANG_WARN_DIRECT_OBJC_ISA_USAGE = YES_ERROR;
				CLANG_WARN_DOCUMENTATION_COMMENTS = YES;
				CLANG_WARN_EMPTY_BODY = YES;
				CLANG_WARN_ENUM_CONVERSION = YES;
				CLANG_WARN_INFINITE_RECURSION = YES;
				CLANG_WARN_INT_CONVERSION = YES;
				CLANG_WARN_NON_LITERAL_NULL_CONVERSION = YES;
				CLANG_WARN_OBJC_IMPLICIT_RETAIN_SELF = YES;
				CLANG_WARN_OBJC_LITERAL_CONVERSION = YES;
				CLANG_WARN_OBJC_ROOT_CLASS = YES_ERROR;
				CLANG_WARN_RANGE_LOOP_ANALYSIS = YES;
				CLANG_WARN_STRICT_PROTOTYPES = YES;
				CLANG_WARN_SUSPICIOUS_MOVE = YES;
				CLANG_WARN_UNGUARDED_AVAILABILITY = YES_AGGRESSIVE;
				CLANG_WARN_UNREACHABLE_CODE = YES;
				CLANG_WARN__DUPLICATE_METHOD_MATCH = YES;
				CODE_SIGN_IDENTITY = "iPhone Developer";
				COPY_PHASE_STRIP = NO;
				DEBUG_INFORMATION_FORMAT = dwarf;
				ENABLE_STRICT_OBJC_MSGSEND = YES;
				ENABLE_TESTABILITY = YES;
				GCC_C_LANGUAGE_STANDARD = gnu11;
				GCC_DYNAMIC_NO_PIC = NO;
				GCC_NO_COMMON_BLOCKS = YES;
				GCC_OPTIMIZATION_LEVEL = 0;
				GCC_PREPROCESSOR_DEFINITIONS = (
					"DEBUG=1",
					"$(inherited)",
				);
				GCC_WARN_64_TO_32_BIT_CONVERSION = YES;
				GCC_WARN_ABOUT_RETURN_TYPE = YES_ERROR;
				GCC_WARN_UNDECLARED_SELECTOR = YES;
				GCC_WARN_UNINITIALIZED_AUTOS = YES_AGGRESSIVE;
				GCC_WARN_UNUSED_FUNCTION = YES;
				GCC_WARN_UNUSED_VARIABLE = YES;
				IPHONEOS_DEPLOYMENT_TARGET = 11.4;
				MTL_ENABLE_DEBUG_INFO = YES;
				ONLY_ACTIVE_ARCH = YES;
				SDKROOT = iphoneos;
			};
			name = Debug;
		};
		501DE8E6212FFFCF006019C7 /* Release */ = {
			isa = XCBuildConfiguration;
			buildSettings = {
				ALWAYS_SEARCH_USER_PATHS = NO;
				CLANG_ANALYZER_NONNULL = YES;
				CLANG_ANALYZER_NUMBER_OBJECT_CONVERSION = YES_AGGRESSIVE;
				CLANG_CXX_LANGUAGE_STANDARD = "gnu++14";
				CLANG_CXX_LIBRARY = "libc++";
				CLANG_ENABLE_MODULES = YES;
				CLANG_ENABLE_OBJC_ARC = YES;
				CLANG_ENABLE_OBJC_WEAK = YES;
				CLANG_WARN_BLOCK_CAPTURE_AUTORELEASING = YES;
				CLANG_WARN_BOOL_CONVERSION = YES;
				CLANG_WARN_COMMA = YES;
				CLANG_WARN_CONSTANT_CONVERSION = YES;
				CLANG_WARN_DEPRECATED_OBJC_IMPLEMENTATIONS = YES;
				CLANG_WARN_DIRECT_OBJC_ISA_USAGE = YES_ERROR;
				CLANG_WARN_DOCUMENTATION_COMMENTS = YES;
				CLANG_WARN_EMPTY_BODY = YES;
				CLANG_WARN_ENUM_CONVERSION = YES;
				CLANG_WARN_INFINITE_RECURSION = YES;
				CLANG_WARN_INT_CONVERSION = YES;
				CLANG_WARN_NON_LITERAL_NULL_CONVERSION = YES;
				CLANG_WARN_OBJC_IMPLICIT_RETAIN_SELF = YES;
				CLANG_WARN_OBJC_LITERAL_CONVERSION = YES;
				CLANG_WARN_OBJC_ROOT_CLASS = YES_ERROR;
				CLANG_WARN_RANGE_LOOP_ANALYSIS = YES;
				CLANG_WARN_STRICT_PROTOTYPES = YES;
				CLANG_WARN_SUSPICIOUS_MOVE = YES;
				CLANG_WARN_UNGUARDED_AVAILABILITY = YES_AGGRESSIVE;
				CLANG_WARN_UNREACHABLE_CODE = YES;
				CLANG_WARN__DUPLICATE_METHOD_MATCH = YES;
				CODE_SIGN_IDENTITY = "iPhone Developer";
				COPY_PHASE_STRIP = NO;
				DEBUG_INFORMATION_FORMAT = "dwarf-with-dsym";
				ENABLE_NS_ASSERTIONS = NO;
				ENABLE_STRICT_OBJC_MSGSEND = YES;
				GCC_C_LANGUAGE_STANDARD = gnu11;
				GCC_NO_COMMON_BLOCKS = YES;
				GCC_WARN_64_TO_32_BIT_CONVERSION = YES;
				GCC_WARN_ABOUT_RETURN_TYPE = YES_ERROR;
				GCC_WARN_UNDECLARED_SELECTOR = YES;
				GCC_WARN_UNINITIALIZED_AUTOS = YES_AGGRESSIVE;
				GCC_WARN_UNUSED_FUNCTION = YES;
				GCC_WARN_UNUSED_VARIABLE = YES;
				IPHONEOS_DEPLOYMENT_TARGET = 11.4;
				MTL_ENABLE_DEBUG_INFO = NO;
				SDKROOT = iphoneos;
				VALIDATE_PRODUCT = YES;
			};
			name = Release;
		};
		501DE8E8212FFFCF006019C7 /* Debug */ = {
			isa = XCBuildConfiguration;
			baseConfigurationReference = 1A49871C17094747C7BD37A2 /* Pods-VehicleAcquisition.debug.xcconfig */;
			buildSettings = {
				ASSETCATALOG_COMPILER_APPICON_NAME = AppIcon;
				CODE_SIGN_STYLE = Automatic;
				DEVELOPMENT_TEAM = 7BDKEPMWR2;
				GCC_PREFIX_HEADER = "$(SRCROOT)/VehicleAcquisition/Common/PrefixHeader.pch";
				INFOPLIST_FILE = VehicleAcquisition/Info.plist;
				IPHONEOS_DEPLOYMENT_TARGET = 9.0;
				LD_RUNPATH_SEARCH_PATHS = "$(inherited) @executable_path/Frameworks";
				PRODUCT_BUNDLE_IDENTIFIER = com.xinchao.VehicleAcquisition;
				PRODUCT_NAME = "$(TARGET_NAME)";
				TARGETED_DEVICE_FAMILY = 1;
			};
			name = Debug;
		};
		501DE8E9212FFFCF006019C7 /* Release */ = {
			isa = XCBuildConfiguration;
			baseConfigurationReference = 95AEE332A8EFFCB137E2DED8 /* Pods-VehicleAcquisition.release.xcconfig */;
			buildSettings = {
				ASSETCATALOG_COMPILER_APPICON_NAME = AppIcon;
				CODE_SIGN_STYLE = Automatic;
				DEVELOPMENT_TEAM = 7BDKEPMWR2;
				GCC_PREFIX_HEADER = "$(SRCROOT)/VehicleAcquisition/Common/PrefixHeader.pch";
				INFOPLIST_FILE = VehicleAcquisition/Info.plist;
				IPHONEOS_DEPLOYMENT_TARGET = 9.0;
				LD_RUNPATH_SEARCH_PATHS = "$(inherited) @executable_path/Frameworks";
				PRODUCT_BUNDLE_IDENTIFIER = com.xinchao.VehicleAcquisition;
				PRODUCT_NAME = "$(TARGET_NAME)";
				TARGETED_DEVICE_FAMILY = 1;
			};
			name = Release;
		};
		501DE8EB212FFFCF006019C7 /* Debug */ = {
			isa = XCBuildConfiguration;
			buildSettings = {
				BUNDLE_LOADER = "$(TEST_HOST)";
				CODE_SIGN_STYLE = Automatic;
				DEVELOPMENT_TEAM = 7BDKEPMWR2;
				INFOPLIST_FILE = VehicleAcquisitionTests/Info.plist;
				LD_RUNPATH_SEARCH_PATHS = "$(inherited) @executable_path/Frameworks @loader_path/Frameworks";
				PRODUCT_BUNDLE_IDENTIFIER = com.xinchao.VehicleAcquisitionTests;
				PRODUCT_NAME = "$(TARGET_NAME)";
				TARGETED_DEVICE_FAMILY = "1,2";
				TEST_HOST = "$(BUILT_PRODUCTS_DIR)/VehicleAcquisition.app/VehicleAcquisition";
			};
			name = Debug;
		};
		501DE8EC212FFFCF006019C7 /* Release */ = {
			isa = XCBuildConfiguration;
			buildSettings = {
				BUNDLE_LOADER = "$(TEST_HOST)";
				CODE_SIGN_STYLE = Automatic;
				DEVELOPMENT_TEAM = 7BDKEPMWR2;
				INFOPLIST_FILE = VehicleAcquisitionTests/Info.plist;
				LD_RUNPATH_SEARCH_PATHS = "$(inherited) @executable_path/Frameworks @loader_path/Frameworks";
				PRODUCT_BUNDLE_IDENTIFIER = com.xinchao.VehicleAcquisitionTests;
				PRODUCT_NAME = "$(TARGET_NAME)";
				TARGETED_DEVICE_FAMILY = "1,2";
				TEST_HOST = "$(BUILT_PRODUCTS_DIR)/VehicleAcquisition.app/VehicleAcquisition";
			};
			name = Release;
		};
		501DE8EE212FFFCF006019C7 /* Debug */ = {
			isa = XCBuildConfiguration;
			buildSettings = {
				CODE_SIGN_STYLE = Automatic;
				DEVELOPMENT_TEAM = 7BDKEPMWR2;
				INFOPLIST_FILE = VehicleAcquisitionUITests/Info.plist;
				LD_RUNPATH_SEARCH_PATHS = "$(inherited) @executable_path/Frameworks @loader_path/Frameworks";
				PRODUCT_BUNDLE_IDENTIFIER = com.xinchao.VehicleAcquisitionUITests;
				PRODUCT_NAME = "$(TARGET_NAME)";
				TARGETED_DEVICE_FAMILY = "1,2";
				TEST_TARGET_NAME = VehicleAcquisition;
			};
			name = Debug;
		};
		501DE8EF212FFFCF006019C7 /* Release */ = {
			isa = XCBuildConfiguration;
			buildSettings = {
				CODE_SIGN_STYLE = Automatic;
				DEVELOPMENT_TEAM = 7BDKEPMWR2;
				INFOPLIST_FILE = VehicleAcquisitionUITests/Info.plist;
				LD_RUNPATH_SEARCH_PATHS = "$(inherited) @executable_path/Frameworks @loader_path/Frameworks";
				PRODUCT_BUNDLE_IDENTIFIER = com.xinchao.VehicleAcquisitionUITests;
				PRODUCT_NAME = "$(TARGET_NAME)";
				TARGETED_DEVICE_FAMILY = "1,2";
				TEST_TARGET_NAME = VehicleAcquisition;
			};
			name = Release;
		};
/* End XCBuildConfiguration section */

/* Begin XCConfigurationList section */
		501DE8B6212FFFCD006019C7 /* Build configuration list for PBXProject "VehicleAcquisition" */ = {
			isa = XCConfigurationList;
			buildConfigurations = (
				501DE8E5212FFFCF006019C7 /* Debug */,
				501DE8E6212FFFCF006019C7 /* Release */,
			);
			defaultConfigurationIsVisible = 0;
			defaultConfigurationName = Release;
		};
		501DE8E7212FFFCF006019C7 /* Build configuration list for PBXNativeTarget "VehicleAcquisition" */ = {
			isa = XCConfigurationList;
			buildConfigurations = (
				501DE8E8212FFFCF006019C7 /* Debug */,
				501DE8E9212FFFCF006019C7 /* Release */,
			);
			defaultConfigurationIsVisible = 0;
			defaultConfigurationName = Release;
		};
		501DE8EA212FFFCF006019C7 /* Build configuration list for PBXNativeTarget "VehicleAcquisitionTests" */ = {
			isa = XCConfigurationList;
			buildConfigurations = (
				501DE8EB212FFFCF006019C7 /* Debug */,
				501DE8EC212FFFCF006019C7 /* Release */,
			);
			defaultConfigurationIsVisible = 0;
			defaultConfigurationName = Release;
		};
		501DE8ED212FFFCF006019C7 /* Build configuration list for PBXNativeTarget "VehicleAcquisitionUITests" */ = {
			isa = XCConfigurationList;
			buildConfigurations = (
				501DE8EE212FFFCF006019C7 /* Debug */,
				501DE8EF212FFFCF006019C7 /* Release */,
			);
			defaultConfigurationIsVisible = 0;
			defaultConfigurationName = Release;
		};
/* End XCConfigurationList section */
	};
	rootObject = 501DE8B3212FFFCD006019C7 /* Project object */;
}
